lockfileVersion: '6.0'

settings:
  autoInstallPeers: true
  excludeLinksFromLockfile: false

importers:

  .:
    dependencies:
      bun:
        specifier: ^1.0.1
        version: 1.0.1
      turbo:
        specifier: ^1.10.13
        version: 1.10.13

  services/socket:
    dependencies:
      '@types/uuid':
        specifier: ^9.0.3
        version: 9.0.3
      bun-types:
        specifier: ^1.0.1
        version: 1.0.1
      uuid:
        specifier: ^9.0.1
        version: 9.0.1

packages:

  /@oven/bun-darwin-aarch64@1.0.1:
    resolution: {integrity: sha512-73YfDA7+ZRQc/U3d0bjeJVsvSg4UVOhOadlRsZtRN8OYew1fshx91DZnfNBGjLMQP0hG8bk5PxGWbKmqp7MsJg==}
    cpu: [arm64]
    os: [darwin]
    requiresBuild: true
    dev: false
    optional: true

  /@oven/bun-darwin-x64-baseline@1.0.1:
    resolution: {integrity: sha512-p28kziO67RMjhCiWbao9iCFUJaxmbhfPzy4nNEve7nGXJVB4wMq9Hr+DNp1VYbEyt1auXowF2+u4v3zDlM/ILw==}
    cpu: [x64]
    os: [darwin]
    requiresBuild: true
    dev: false
    optional: true

  /@oven/bun-darwin-x64@1.0.1:
    resolution: {integrity: sha512-hg638foFQdmo0+Jri6LAQhhpcbaE3Fb2youY1m/iFhVhH6Xuzt8izAgq30imT9qfd+FlcY8bRnjJN8uSGrvQrw==}
    cpu: [x64]
    os: [darwin]
    requiresBuild: true
    dev: false
    optional: true

  /@oven/bun-linux-aarch64@1.0.1:
    resolution: {integrity: sha512-XvjyARKiIWZ5RAHT3oZtjbZZGf/bJFCDAAJxM4mxMjZKqmulWb+erHyylcXDb0tmnJ2uGWDHio4lnN5PoDs7hg==}
    cpu: [arm64]
    os: [linux]
    requiresBuild: true
    dev: false
    optional: true

  /@oven/bun-linux-x64-baseline@1.0.1:
    resolution: {integrity: sha512-mwzDqoZnqwJXNsTN4q9FHnaPaTwFwRSCvxzkn8PqV2mKkOF4H+KUR/VZuZ18lYlixD7hCj1plbpx/B59pp293g==}
    cpu: [x64]
    os: [linux]
    requiresBuild: true
    dev: false
    optional: true

  /@oven/bun-linux-x64@1.0.1:
    resolution: {integrity: sha512-ZVg0wd8px/j0fB61xGDR9vqmpjlWKglbjM7YZbp/OwDXRrEzLwZ+COMzauVCWojRiyWx9VQja1cjpfWBlKfF2g==}
    cpu: [x64]
    os: [linux]
    requiresBuild: true
    dev: false
    optional: true

  /@types/uuid@9.0.3:
    resolution: {integrity: sha512-taHQQH/3ZyI3zP8M/puluDEIEvtQHVYcC6y3N8ijFtAd28+Ey/G4sg1u2gB01S8MwybLOKAp9/yCMu/uR5l3Ug==}
    dev: false

  /bun-types@1.0.1:
    resolution: {integrity: sha512-7NrXqhMIaNKmWn2dSWEQ50znMZqrN/5Z0NBMXvQTRu/+Y1CvoXRznFy0pnqLe024CeZgVdXoEpARNO1JZLAPGw==}
    dev: false

  /bun@1.0.1:
    resolution: {integrity: sha512-rdrGbCuDKrwidZ+I05k127JyvKiLIsIov1/Qcf1u1s0zv+e1csjA/7cSOQ1AjmdZ1sqm0VFx/N1rccZ91SQylw==}
    cpu: [arm64, x64]
    os: [darwin, linux]
    hasBin: true
    requiresBuild: true
    optionalDependencies:
      '@oven/bun-darwin-aarch64': 1.0.1
      '@oven/bun-darwin-x64': 1.0.1
      '@oven/bun-darwin-x64-baseline': 1.0.1
      '@oven/bun-linux-aarch64': 1.0.1
      '@oven/bun-linux-x64': 1.0.1
      '@oven/bun-linux-x64-baseline': 1.0.1
    dev: false

  /turbo-darwin-64@1.10.13:
    resolution: {integrity: sha512-vmngGfa2dlYvX7UFVncsNDMuT4X2KPyPJ2Jj+xvf5nvQnZR/3IeDEGleGVuMi/hRzdinoxwXqgk9flEmAYp0Xw==}
    cpu: [x64]
    os: [darwin]
    requiresBuild: true
    dev: false
    optional: true

  /turbo-darwin-arm64@1.10.13:
    resolution: {integrity: sha512-eMoJC+k7gIS4i2qL6rKmrIQGP6Wr9nN4odzzgHFngLTMimok2cGLK3qbJs5O5F/XAtEeRAmuxeRnzQwTl/iuAw==}
    cpu: [arm64]
    os: [darwin]
    requiresBuild: true
    dev: false
    optional: true

  /turbo-linux-64@1.10.13:
    resolution: {integrity: sha512-0CyYmnKTs6kcx7+JRH3nPEqCnzWduM0hj8GP/aodhaIkLNSAGAa+RiYZz6C7IXN+xUVh5rrWTnU2f1SkIy7Gdg==}
    cpu: [x64]
    os: [linux]
    requiresBuild: true
    dev: false
    optional: true

  /turbo-linux-arm64@1.10.13:
    resolution: {integrity: sha512-0iBKviSGQQlh2OjZgBsGjkPXoxvRIxrrLLbLObwJo3sOjIH0loGmVIimGS5E323soMfi/o+sidjk2wU1kFfD7Q==}
    cpu: [arm64]
    os: [linux]
    requiresBuild: true
    dev: false
    optional: true

  /turbo-windows-64@1.10.13:
    resolution: {integrity: sha512-S5XySRfW2AmnTeY1IT+Jdr6Goq7mxWganVFfrmqU+qqq3Om/nr0GkcUX+KTIo9mPrN0D3p5QViBRzulwB5iuUQ==}
    cpu: [x64]
    os: [win32]
    requiresBuild: true
    dev: false
    optional: true

  /turbo-windows-arm64@1.10.13:
    resolution: {integrity: sha512-nKol6+CyiExJIuoIc3exUQPIBjP9nIq5SkMJgJuxsot2hkgGrafAg/izVDRDrRduQcXj2s8LdtxJHvvnbI8hEQ==}
    cpu: [arm64]
    os: [win32]
    requiresBuild: true
    dev: false
    optional: true

  /turbo@1.10.13:
    resolution: {integrity: sha512-vOF5IPytgQPIsgGtT0n2uGZizR2N3kKuPIn4b5p5DdeLoI0BV7uNiydT7eSzdkPRpdXNnO8UwS658VaI4+YSzQ==}
    hasBin: true
    optionalDependencies:
      turbo-darwin-64: 1.10.13
      turbo-darwin-arm64: 1.10.13
      turbo-linux-64: 1.10.13
      turbo-linux-arm64: 1.10.13
      turbo-windows-64: 1.10.13
      turbo-windows-arm64: 1.10.13
    dev: false

  /uuid@9.0.1:
    resolution: {integrity: sha512-b+1eJOlsR9K8HJpow9Ok3fiWOWSIcIzXodvv0rQjVoOVNpWMpxf1wZNpt4y9h10odCNrqnYp1OBzRktckBe3sA==}
    hasBin: true
    dev: false
