{
  "version": 4,
  "terraform_version": "1.6.1",
  "serial": 130,
  "lineage": "7c6ea37f-105a-05c7-3389-a0978c7177ad",
  "outputs": {},
  "resources": [
    {
      "mode": "managed",
      "type": "helm_release",
      "name": "cert-manager",
      "provider": "provider[\"registry.terraform.io/hashicorp/helm\"]",
      "instances": [
        {
          "schema_version": 1,
          "attributes": {
            "atomic": false,
            "chart": "cert-manager",
            "cleanup_on_fail": false,
            "create_namespace": true,
            "dependency_update": false,
            "description": null,
            "devel": null,
            "disable_crd_hooks": false,
            "disable_openapi_validation": false,
            "disable_webhooks": false,
            "force_update": false,
            "id": "cert-manager",
            "keyring": null,
            "lint": false,
            "manifest": null,
            "max_history": 0,
            "metadata": [
              {
                "app_version": "1.13.3",
                "chart": "cert-manager",
                "name": "cert-manager",
                "namespace": "cert-manager",
                "revision": 1,
                "values": "{\"installCRDs\":true}",
                "version": "0.18.3"
              }
            ],
            "name": "cert-manager",
            "namespace": "cert-manager",
            "pass_credentials": false,
            "postrender": [],
            "recreate_pods": false,
            "render_subchart_notes": true,
            "replace": false,
            "repository": "https://charts.bitnami.com/bitnami",
            "repository_ca_file": null,
            "repository_cert_file": null,
            "repository_key_file": null,
            "repository_password": null,
            "repository_username": null,
            "reset_values": false,
            "reuse_values": false,
            "set": [
              {
                "name": "installCRDs",
                "type": "",
                "value": "true"
              }
            ],
            "set_list": [],
            "set_sensitive": [],
            "skip_crds": false,
            "status": "deployed",
            "timeout": 300,
            "values": null,
            "verify": false,
            "version": "0.18.3",
            "wait": true,
            "wait_for_jobs": false
          },
          "sensitive_attributes": [],
          "private": "eyJzY2hlbWFfdmVyc2lvbiI6IjEifQ=="
        }
      ]
    },
    {
      "mode": "managed",
      "type": "helm_release",
      "name": "crdb_operator",
      "provider": "provider[\"registry.terraform.io/hashicorp/helm\"]",
      "instances": [
        {
          "schema_version": 1,
          "attributes": {
            "atomic": false,
            "chart": "./charts/cockroach-operator",
            "cleanup_on_fail": false,
            "create_namespace": false,
            "dependency_update": false,
            "description": null,
            "devel": null,
            "disable_crd_hooks": false,
            "disable_openapi_validation": false,
            "disable_webhooks": false,
            "force_update": false,
            "id": "crdb-operator",
            "keyring": null,
            "lint": false,
            "manifest": null,
            "max_history": 0,
            "metadata": [
              {
                "app_version": "1.16.0",
                "chart": "cockroachdb-operator",
                "name": "crdb-operator",
                "namespace": "default",
                "revision": 1,
                "values": "{}",
                "version": "0.1.0"
              }
            ],
            "name": "crdb-operator",
            "namespace": "default",
            "pass_credentials": false,
            "postrender": [],
            "recreate_pods": false,
            "render_subchart_notes": true,
            "replace": false,
            "repository": null,
            "repository_ca_file": null,
            "repository_cert_file": null,
            "repository_key_file": null,
            "repository_password": null,
            "repository_username": null,
            "reset_values": false,
            "reuse_values": false,
            "set": [],
            "set_list": [],
            "set_sensitive": [],
            "skip_crds": false,
            "status": "deployed",
            "timeout": 300,
            "values": null,
            "verify": false,
            "version": "0.1.0",
            "wait": true,
            "wait_for_jobs": false
          },
          "sensitive_attributes": [],
          "private": "eyJzY2hlbWFfdmVyc2lvbiI6IjEifQ==",
          "dependencies": [
            "helm_release.nginx_ingress"
          ]
        }
      ]
    },
    {
      "mode": "managed",
      "type": "helm_release",
      "name": "nginx_ingress",
      "provider": "provider[\"registry.terraform.io/hashicorp/helm\"]",
      "instances": [
        {
          "schema_version": 1,
          "attributes": {
            "atomic": false,
            "chart": "nginx-ingress-controller",
            "cleanup_on_fail": false,
            "create_namespace": true,
            "dependency_update": false,
            "description": null,
            "devel": null,
            "disable_crd_hooks": false,
            "disable_openapi_validation": false,
            "disable_webhooks": false,
            "force_update": false,
            "id": "nginx-ingress-controller",
            "keyring": null,
            "lint": false,
            "manifest": null,
            "max_history": 0,
            "metadata": [
              {
                "app_version": "1.9.5",
                "chart": "nginx-ingress-controller",
                "name": "nginx-ingress-controller",
                "namespace": "ingress-nginx",
                "revision": 1,
                "values": "{\"namespaceOverride\":\"ingress-nginx\",\"service\":{\"ports\":{\"proxied-tcp-26256\":26257}},\"tcp\":{\"26257\":\"default/cockroachdb-public:26257\"}}",
                "version": "10.2.0"
              }
            ],
            "name": "nginx-ingress-controller",
            "namespace": "ingress-nginx",
            "pass_credentials": false,
            "postrender": [],
            "recreate_pods": false,
            "render_subchart_notes": true,
            "replace": false,
            "repository": "https://charts.bitnami.com/bitnami",
            "repository_ca_file": null,
            "repository_cert_file": null,
            "repository_key_file": null,
            "repository_password": null,
            "repository_username": null,
            "reset_values": false,
            "reuse_values": false,
            "set": [
              {
                "name": "namespaceOverride",
                "type": "",
                "value": "ingress-nginx"
              },
              {
                "name": "service.ports.proxied-tcp-26256",
                "type": "",
                "value": "26257"
              },
              {
                "name": "tcp.26257",
                "type": "",
                "value": "default/cockroachdb-public:26257"
              }
            ],
            "set_list": [],
            "set_sensitive": [],
            "skip_crds": false,
            "status": "deployed",
            "timeout": 300,
            "values": null,
            "verify": false,
            "version": "10.2.0",
            "wait": true,
            "wait_for_jobs": false
          },
          "sensitive_attributes": [],
          "private": "eyJzY2hlbWFfdmVyc2lvbiI6IjEifQ=="
        }
      ]
    },
    {
      "mode": "managed",
      "type": "helm_release",
      "name": "redpanda-controller",
      "provider": "provider[\"registry.terraform.io/hashicorp/helm\"]",
      "instances": [
        {
          "schema_version": 1,
          "attributes": {
            "atomic": false,
            "chart": "operator",
            "cleanup_on_fail": false,
            "create_namespace": false,
            "dependency_update": false,
            "description": null,
            "devel": null,
            "disable_crd_hooks": false,
            "disable_openapi_validation": false,
            "disable_webhooks": false,
            "force_update": false,
            "id": "redpanda-controller",
            "keyring": null,
            "lint": false,
            "manifest": null,
            "max_history": 0,
            "metadata": [
              {
                "app_version": "v2.1.13-23.3.4",
                "chart": "operator",
                "name": "redpanda-controller",
                "namespace": "default",
                "revision": 1,
                "values": "{}",
                "version": "0.4.17"
              }
            ],
            "name": "redpanda-controller",
            "namespace": "default",
            "pass_credentials": false,
            "postrender": [],
            "recreate_pods": false,
            "render_subchart_notes": true,
            "replace": false,
            "repository": "https://charts.redpanda.com",
            "repository_ca_file": null,
            "repository_cert_file": null,
            "repository_key_file": null,
            "repository_password": null,
            "repository_username": null,
            "reset_values": false,
            "reuse_values": false,
            "set": [],
            "set_list": [],
            "set_sensitive": [],
            "skip_crds": false,
            "status": "deployed",
            "timeout": 300,
            "values": null,
            "verify": false,
            "version": "0.4.17",
            "wait": true,
            "wait_for_jobs": false
          },
          "sensitive_attributes": [],
          "private": "eyJzY2hlbWFfdmVyc2lvbiI6IjEifQ=="
        }
      ]
    },
    {
      "mode": "managed",
      "type": "kubernetes_deployment",
      "name": "message-deployment",
      "provider": "provider[\"registry.terraform.io/hashicorp/kubernetes\"]",
      "instances": [
        {
          "schema_version": 1,
          "attributes": {
            "id": "default/message-service-deployment",
            "metadata": [
              {
                "annotations": {},
                "generate_name": "",
                "generation": 10,
                "labels": {
                  "app": "message-service",
                  "group": "message-system"
                },
                "name": "message-service-deployment",
                "namespace": "default",
                "resource_version": "103387",
                "uid": "6c780e37-d8d1-4471-ab9f-e0dff1b1c5b9"
              }
            ],
            "spec": [
              {
                "min_ready_seconds": 0,
                "paused": false,
                "progress_deadline_seconds": 600,
                "replicas": "1",
                "revision_history_limit": 10,
                "selector": [
                  {
                    "match_expressions": [],
                    "match_labels": {
                      "app": "message-service-pod"
                    }
                  }
                ],
                "strategy": [
                  {
                    "rolling_update": [
                      {
                        "max_surge": "25%",
                        "max_unavailable": "25%"
                      }
                    ],
                    "type": "RollingUpdate"
                  }
                ],
                "template": [
                  {
                    "metadata": [
                      {
                        "annotations": {},
                        "generate_name": "",
                        "generation": 0,
                        "labels": {
                          "app": "message-service-pod",
                          "group": "message-system"
                        },
                        "name": "",
                        "namespace": "",
                        "resource_version": "",
                        "uid": ""
                      }
                    ],
                    "spec": [
                      {
                        "active_deadline_seconds": 0,
                        "affinity": [],
                        "automount_service_account_token": true,
                        "container": [
                          {
                            "args": [],
                            "command": [],
                            "env": [],
                            "env_from": [],
                            "image": "rafaeltab/message-service",
                            "image_pull_policy": "Never",
                            "lifecycle": [],
                            "liveness_probe": [],
                            "name": "message-service-container",
                            "port": [
                              {
                                "container_port": 4000,
                                "host_ip": "",
                                "host_port": 0,
                                "name": "websocket",
                                "protocol": "TCP"
                              }
                            ],
                            "readiness_probe": [],
                            "resources": [
                              {
                                "limits": {},
                                "requests": {}
                              }
                            ],
                            "security_context": [],
                            "startup_probe": [],
                            "stdin": false,
                            "stdin_once": false,
                            "termination_message_path": "/dev/termination-log",
                            "termination_message_policy": "File",
                            "tty": false,
                            "volume_mount": [
                              {
                                "mount_path": "/app/services/message/config/",
                                "mount_propagation": "None",
                                "name": "config",
                                "read_only": false,
                                "sub_path": ""
                              }
                            ],
                            "working_dir": ""
                          }
                        ],
                        "dns_config": [],
                        "dns_policy": "ClusterFirst",
                        "enable_service_links": true,
                        "host_aliases": [],
                        "host_ipc": false,
                        "host_network": false,
                        "host_pid": false,
                        "hostname": "",
                        "image_pull_secrets": [],
                        "init_container": [],
                        "node_name": "",
                        "node_selector": {},
                        "os": [],
                        "priority_class_name": "",
                        "readiness_gate": [],
                        "restart_policy": "Always",
                        "runtime_class_name": "",
                        "scheduler_name": "default-scheduler",
                        "security_context": [],
                        "service_account_name": "",
                        "share_process_namespace": false,
                        "subdomain": "",
                        "termination_grace_period_seconds": 30,
                        "toleration": [],
                        "topology_spread_constraint": [],
                        "volume": [
                          {
                            "aws_elastic_block_store": [],
                            "azure_disk": [],
                            "azure_file": [],
                            "ceph_fs": [],
                            "cinder": [],
                            "config_map": [],
                            "csi": [],
                            "downward_api": [],
                            "empty_dir": [],
                            "ephemeral": [],
                            "fc": [],
                            "flex_volume": [],
                            "flocker": [],
                            "gce_persistent_disk": [],
                            "git_repo": [],
                            "glusterfs": [],
                            "host_path": [],
                            "iscsi": [],
                            "local": [],
                            "name": "config",
                            "nfs": [],
                            "persistent_volume_claim": [],
                            "photon_persistent_disk": [],
                            "projected": [
                              {
                                "default_mode": "0644",
                                "sources": [
                                  {
                                    "config_map": [],
                                    "downward_api": [],
                                    "secret": [
                                      {
                                        "items": [],
                                        "name": "redpanda-default-root-certificate",
                                        "optional": false
                                      }
                                    ],
                                    "service_account_token": []
                                  },
                                  {
                                    "config_map": [],
                                    "downward_api": [],
                                    "secret": [
                                      {
                                        "items": [],
                                        "name": "message-service-config-kafka",
                                        "optional": false
                                      }
                                    ],
                                    "service_account_token": []
                                  }
                                ]
                              }
                            ],
                            "quobyte": [],
                            "rbd": [],
                            "secret": [],
                            "vsphere_volume": []
                          }
                        ]
                      }
                    ]
                  }
                ]
              }
            ],
            "timeouts": null,
            "wait_for_rollout": true
          },
          "sensitive_attributes": [],
          "private": "eyJlMmJmYjczMC1lY2FhLTExZTYtOGY4OC0zNDM2M2JjN2M0YzAiOnsiY3JlYXRlIjo2MDAwMDAwMDAwMDAsImRlbGV0ZSI6NjAwMDAwMDAwMDAwLCJ1cGRhdGUiOjYwMDAwMDAwMDAwMH0sInNjaGVtYV92ZXJzaW9uIjoiMSJ9",
          "dependencies": [
            "kubernetes_secret.message-config"
          ]
        }
      ]
    },
    {
      "mode": "managed",
      "type": "kubernetes_manifest",
      "name": "crdbcluster_cockroachdb",
      "provider": "provider[\"registry.terraform.io/hashicorp/kubernetes\"]",
      "instances": [
        {
          "schema_version": 1,
          "attributes": {
            "computed_fields": null,
            "field_manager": [],
            "manifest": {
              "value": {
                "apiVersion": "crdb.cockroachlabs.com/v1alpha1",
                "kind": "CrdbCluster",
                "metadata": {
                  "name": "cockroachdb",
                  "namespace": "default"
                },
                "spec": {
                  "additionalLabels": {
                    "crdb": "is-cool"
                  },
                  "cockroachDBVersion": "v23.1.4",
                  "dataStore": {
                    "pvc": {
                      "spec": {
                        "accessModes": [
                          "ReadWriteOnce"
                        ],
                        "resources": {
                          "requests": {
                            "storage": "10Gi"
                          }
                        },
                        "volumeMode": "Filesystem"
                      }
                    }
                  },
                  "ingress": {
                    "ui": {
                      "host": "database.localhost",
                      "ingressClassName": "nginx"
                    }
                  },
                  "nodes": 3,
                  "resources": {
                    "limits": {
                      "cpu": 2,
                      "memory": "16Gi"
                    },
                    "requests": {
                      "cpu": "500m",
                      "memory": "2Gi"
                    }
                  }
                }
              },
              "type": [
                "object",
                {
                  "apiVersion": "string",
                  "kind": "string",
                  "metadata": [
                    "object",
                    {
                      "name": "string",
                      "namespace": "string"
                    }
                  ],
                  "spec": [
                    "object",
                    {
                      "additionalLabels": [
                        "object",
                        {
                          "crdb": "string"
                        }
                      ],
                      "cockroachDBVersion": "string",
                      "dataStore": [
                        "object",
                        {
                          "pvc": [
                            "object",
                            {
                              "spec": [
                                "object",
                                {
                                  "accessModes": [
                                    "tuple",
                                    [
                                      "string"
                                    ]
                                  ],
                                  "resources": [
                                    "object",
                                    {
                                      "requests": [
                                        "object",
                                        {
                                          "storage": "string"
                                        }
                                      ]
                                    }
                                  ],
                                  "volumeMode": "string"
                                }
                              ]
                            }
                          ]
                        }
                      ],
                      "ingress": [
                        "object",
                        {
                          "ui": [
                            "object",
                            {
                              "host": "string",
                              "ingressClassName": "string"
                            }
                          ]
                        }
                      ],
                      "nodes": "number",
                      "resources": [
                        "object",
                        {
                          "limits": [
                            "object",
                            {
                              "cpu": "number",
                              "memory": "string"
                            }
                          ],
                          "requests": [
                            "object",
                            {
                              "cpu": "string",
                              "memory": "string"
                            }
                          ]
                        }
                      ]
                    }
                  ]
                }
              ]
            },
            "object": {
              "value": {
                "apiVersion": "crdb.cockroachlabs.com/v1alpha1",
                "kind": "CrdbCluster",
                "metadata": {
                  "annotations": null,
                  "creationTimestamp": null,
                  "deletionGracePeriodSeconds": null,
                  "deletionTimestamp": null,
                  "finalizers": null,
                  "generateName": null,
                  "generation": null,
                  "labels": null,
                  "managedFields": null,
                  "name": "cockroachdb",
                  "namespace": "default",
                  "ownerReferences": null,
                  "resourceVersion": null,
                  "selfLink": null,
                  "uid": null
                },
                "spec": {
                  "additionalAnnotations": null,
                  "additionalArgs": null,
                  "additionalLabels": {
                    "crdb": "is-cool"
                  },
                  "affinity": {
                    "nodeAffinity": {
                      "preferredDuringSchedulingIgnoredDuringExecution": null,
                      "requiredDuringSchedulingIgnoredDuringExecution": {
                        "nodeSelectorTerms": null
                      }
                    },
                    "podAffinity": {
                      "preferredDuringSchedulingIgnoredDuringExecution": null,
                      "requiredDuringSchedulingIgnoredDuringExecution": null
                    },
                    "podAntiAffinity": {
                      "preferredDuringSchedulingIgnoredDuringExecution": null,
                      "requiredDuringSchedulingIgnoredDuringExecution": null
                    }
                  },
                  "automountServiceAccountToken": null,
                  "cache": null,
                  "clientTLSSecret": null,
                  "cockroachDBVersion": "v23.1.4",
                  "dataStore": {
                    "hostPath": {
                      "path": null,
                      "type": null
                    },
                    "pvc": {
                      "source": {
                        "claimName": "",
                        "readOnly": null
                      },
                      "spec": {
                        "accessModes": [
                          "ReadWriteOnce"
                        ],
                        "dataSource": {
                          "apiGroup": null,
                          "kind": null,
                          "name": null
                        },
                        "resources": {
                          "limits": null,
                          "requests": {
                            "storage": "10Gi"
                          }
                        },
                        "selector": {
                          "matchExpressions": null,
                          "matchLabels": null
                        },
                        "storageClassName": null,
                        "volumeMode": "Filesystem",
                        "volumeName": null
                      }
                    },
                    "supportsAutoResize": false
                  },
                  "grpcPort": 26258,
                  "httpPort": 8080,
                  "image": {
                    "name": null,
                    "pullPolicy": null,
                    "pullSecret": null
                  },
                  "ingress": {
                    "sql": {
                      "annotations": null,
                      "host": null,
                      "ingressClassName": null,
                      "tls": null
                    },
                    "ui": {
                      "annotations": null,
                      "host": "database.localhost",
                      "ingressClassName": "nginx",
                      "tls": null
                    }
                  },
                  "logConfigMap": null,
                  "maxSQLMemory": null,
                  "maxUnavailable": 1,
                  "minAvailable": null,
                  "nodeSelector": null,
                  "nodeTLSSecret": null,
                  "nodes": 3,
                  "podEnvVariables": null,
                  "resources": {
                    "limits": {
                      "cpu": "2",
                      "memory": "16Gi"
                    },
                    "requests": {
                      "cpu": "500m",
                      "memory": "2Gi"
                    }
                  },
                  "sqlPort": 26257,
                  "tlsEnabled": null,
                  "tolerations": null,
                  "topologySpreadConstraints": null
                }
              },
              "type": [
                "object",
                {
                  "apiVersion": "string",
                  "kind": "string",
                  "metadata": [
                    "object",
                    {
                      "annotations": [
                        "map",
                        "string"
                      ],
                      "creationTimestamp": "string",
                      "deletionGracePeriodSeconds": "number",
                      "deletionTimestamp": "string",
                      "finalizers": [
                        "list",
                        "string"
                      ],
                      "generateName": "string",
                      "generation": "number",
                      "labels": [
                        "map",
                        "string"
                      ],
                      "managedFields": [
                        "tuple",
                        [
                          [
                            "object",
                            {
                              "apiVersion": "string",
                              "fieldsType": "string",
                              "fieldsV1": "dynamic",
                              "manager": "string",
                              "operation": "string",
                              "subresource": "string",
                              "time": "string"
                            }
                          ]
                        ]
                      ],
                      "name": "string",
                      "namespace": "string",
                      "ownerReferences": [
                        "list",
                        [
                          "object",
                          {
                            "apiVersion": "string",
                            "blockOwnerDeletion": "bool",
                            "controller": "bool",
                            "kind": "string",
                            "name": "string",
                            "uid": "string"
                          }
                        ]
                      ],
                      "resourceVersion": "string",
                      "selfLink": "string",
                      "uid": "string"
                    }
                  ],
                  "spec": [
                    "object",
                    {
                      "additionalAnnotations": [
                        "map",
                        "string"
                      ],
                      "additionalArgs": [
                        "list",
                        "string"
                      ],
                      "additionalLabels": [
                        "map",
                        "string"
                      ],
                      "affinity": [
                        "object",
                        {
                          "nodeAffinity": [
                            "object",
                            {
                              "preferredDuringSchedulingIgnoredDuringExecution": [
                                "list",
                                [
                                  "object",
                                  {
                                    "preference": [
                                      "object",
                                      {
                                        "matchExpressions": [
                                          "list",
                                          [
                                            "object",
                                            {
                                              "key": "string",
                                              "operator": "string",
                                              "values": [
                                                "list",
                                                "string"
                                              ]
                                            }
                                          ]
                                        ],
                                        "matchFields": [
                                          "list",
                                          [
                                            "object",
                                            {
                                              "key": "string",
                                              "operator": "string",
                                              "values": [
                                                "list",
                                                "string"
                                              ]
                                            }
                                          ]
                                        ]
                                      }
                                    ],
                                    "weight": "number"
                                  }
                                ]
                              ],
                              "requiredDuringSchedulingIgnoredDuringExecution": [
                                "object",
                                {
                                  "nodeSelectorTerms": [
                                    "list",
                                    [
                                      "object",
                                      {
                                        "matchExpressions": [
                                          "list",
                                          [
                                            "object",
                                            {
                                              "key": "string",
                                              "operator": "string",
                                              "values": [
                                                "list",
                                                "string"
                                              ]
                                            }
                                          ]
                                        ],
                                        "matchFields": [
                                          "list",
                                          [
                                            "object",
                                            {
                                              "key": "string",
                                              "operator": "string",
                                              "values": [
                                                "list",
                                                "string"
                                              ]
                                            }
                                          ]
                                        ]
                                      }
                                    ]
                                  ]
                                }
                              ]
                            }
                          ],
                          "podAffinity": [
                            "object",
                            {
                              "preferredDuringSchedulingIgnoredDuringExecution": [
                                "list",
                                [
                                  "object",
                                  {
                                    "podAffinityTerm": [
                                      "object",
                                      {
                                        "labelSelector": [
                                          "object",
                                          {
                                            "matchExpressions": [
                                              "list",
                                              [
                                                "object",
                                                {
                                                  "key": "string",
                                                  "operator": "string",
                                                  "values": [
                                                    "list",
                                                    "string"
                                                  ]
                                                }
                                              ]
                                            ],
                                            "matchLabels": [
                                              "map",
                                              "string"
                                            ]
                                          }
                                        ],
                                        "namespaceSelector": [
                                          "object",
                                          {
                                            "matchExpressions": [
                                              "list",
                                              [
                                                "object",
                                                {
                                                  "key": "string",
                                                  "operator": "string",
                                                  "values": [
                                                    "list",
                                                    "string"
                                                  ]
                                                }
                                              ]
                                            ],
                                            "matchLabels": [
                                              "map",
                                              "string"
                                            ]
                                          }
                                        ],
                                        "namespaces": [
                                          "list",
                                          "string"
                                        ],
                                        "topologyKey": "string"
                                      }
                                    ],
                                    "weight": "number"
                                  }
                                ]
                              ],
                              "requiredDuringSchedulingIgnoredDuringExecution": [
                                "list",
                                [
                                  "object",
                                  {
                                    "labelSelector": [
                                      "object",
                                      {
                                        "matchExpressions": [
                                          "list",
                                          [
                                            "object",
                                            {
                                              "key": "string",
                                              "operator": "string",
                                              "values": [
                                                "list",
                                                "string"
                                              ]
                                            }
                                          ]
                                        ],
                                        "matchLabels": [
                                          "map",
                                          "string"
                                        ]
                                      }
                                    ],
                                    "namespaceSelector": [
                                      "object",
                                      {
                                        "matchExpressions": [
                                          "list",
                                          [
                                            "object",
                                            {
                                              "key": "string",
                                              "operator": "string",
                                              "values": [
                                                "list",
                                                "string"
                                              ]
                                            }
                                          ]
                                        ],
                                        "matchLabels": [
                                          "map",
                                          "string"
                                        ]
                                      }
                                    ],
                                    "namespaces": [
                                      "list",
                                      "string"
                                    ],
                                    "topologyKey": "string"
                                  }
                                ]
                              ]
                            }
                          ],
                          "podAntiAffinity": [
                            "object",
                            {
                              "preferredDuringSchedulingIgnoredDuringExecution": [
                                "list",
                                [
                                  "object",
                                  {
                                    "podAffinityTerm": [
                                      "object",
                                      {
                                        "labelSelector": [
                                          "object",
                                          {
                                            "matchExpressions": [
                                              "list",
                                              [
                                                "object",
                                                {
                                                  "key": "string",
                                                  "operator": "string",
                                                  "values": [
                                                    "list",
                                                    "string"
                                                  ]
                                                }
                                              ]
                                            ],
                                            "matchLabels": [
                                              "map",
                                              "string"
                                            ]
                                          }
                                        ],
                                        "namespaceSelector": [
                                          "object",
                                          {
                                            "matchExpressions": [
                                              "list",
                                              [
                                                "object",
                                                {
                                                  "key": "string",
                                                  "operator": "string",
                                                  "values": [
                                                    "list",
                                                    "string"
                                                  ]
                                                }
                                              ]
                                            ],
                                            "matchLabels": [
                                              "map",
                                              "string"
                                            ]
                                          }
                                        ],
                                        "namespaces": [
                                          "list",
                                          "string"
                                        ],
                                        "topologyKey": "string"
                                      }
                                    ],
                                    "weight": "number"
                                  }
                                ]
                              ],
                              "requiredDuringSchedulingIgnoredDuringExecution": [
                                "list",
                                [
                                  "object",
                                  {
                                    "labelSelector": [
                                      "object",
                                      {
                                        "matchExpressions": [
                                          "list",
                                          [
                                            "object",
                                            {
                                              "key": "string",
                                              "operator": "string",
                                              "values": [
                                                "list",
                                                "string"
                                              ]
                                            }
                                          ]
                                        ],
                                        "matchLabels": [
                                          "map",
                                          "string"
                                        ]
                                      }
                                    ],
                                    "namespaceSelector": [
                                      "object",
                                      {
                                        "matchExpressions": [
                                          "list",
                                          [
                                            "object",
                                            {
                                              "key": "string",
                                              "operator": "string",
                                              "values": [
                                                "list",
                                                "string"
                                              ]
                                            }
                                          ]
                                        ],
                                        "matchLabels": [
                                          "map",
                                          "string"
                                        ]
                                      }
                                    ],
                                    "namespaces": [
                                      "list",
                                      "string"
                                    ],
                                    "topologyKey": "string"
                                  }
                                ]
                              ]
                            }
                          ]
                        }
                      ],
                      "automountServiceAccountToken": "bool",
                      "cache": "string",
                      "clientTLSSecret": "string",
                      "cockroachDBVersion": "string",
                      "dataStore": [
                        "object",
                        {
                          "hostPath": [
                            "object",
                            {
                              "path": "string",
                              "type": "string"
                            }
                          ],
                          "pvc": [
                            "object",
                            {
                              "source": [
                                "object",
                                {
                                  "claimName": "string",
                                  "readOnly": "bool"
                                }
                              ],
                              "spec": [
                                "object",
                                {
                                  "accessModes": [
                                    "list",
                                    "string"
                                  ],
                                  "dataSource": [
                                    "object",
                                    {
                                      "apiGroup": "string",
                                      "kind": "string",
                                      "name": "string"
                                    }
                                  ],
                                  "resources": [
                                    "object",
                                    {
                                      "limits": [
                                        "map",
                                        "string"
                                      ],
                                      "requests": [
                                        "map",
                                        "string"
                                      ]
                                    }
                                  ],
                                  "selector": [
                                    "object",
                                    {
                                      "matchExpressions": [
                                        "list",
                                        [
                                          "object",
                                          {
                                            "key": "string",
                                            "operator": "string",
                                            "values": [
                                              "list",
                                              "string"
                                            ]
                                          }
                                        ]
                                      ],
                                      "matchLabels": [
                                        "map",
                                        "string"
                                      ]
                                    }
                                  ],
                                  "storageClassName": "string",
                                  "volumeMode": "string",
                                  "volumeName": "string"
                                }
                              ]
                            }
                          ],
                          "supportsAutoResize": "bool"
                        }
                      ],
                      "grpcPort": "number",
                      "httpPort": "number",
                      "image": [
                        "object",
                        {
                          "name": "string",
                          "pullPolicy": "string",
                          "pullSecret": "string"
                        }
                      ],
                      "ingress": [
                        "object",
                        {
                          "sql": [
                            "object",
                            {
                              "annotations": [
                                "map",
                                "string"
                              ],
                              "host": "string",
                              "ingressClassName": "string",
                              "tls": [
                                "list",
                                [
                                  "object",
                                  {
                                    "hosts": [
                                      "list",
                                      "string"
                                    ],
                                    "secretName": "string"
                                  }
                                ]
                              ]
                            }
                          ],
                          "ui": [
                            "object",
                            {
                              "annotations": [
                                "map",
                                "string"
                              ],
                              "host": "string",
                              "ingressClassName": "string",
                              "tls": [
                                "list",
                                [
                                  "object",
                                  {
                                    "hosts": [
                                      "list",
                                      "string"
                                    ],
                                    "secretName": "string"
                                  }
                                ]
                              ]
                            }
                          ]
                        }
                      ],
                      "logConfigMap": "string",
                      "maxSQLMemory": "string",
                      "maxUnavailable": "number",
                      "minAvailable": "number",
                      "nodeSelector": [
                        "map",
                        "string"
                      ],
                      "nodeTLSSecret": "string",
                      "nodes": "number",
                      "podEnvVariables": [
                        "list",
                        [
                          "object",
                          {
                            "name": "string",
                            "value": "string",
                            "valueFrom": [
                              "object",
                              {
                                "configMapKeyRef": [
                                  "object",
                                  {
                                    "key": "string",
                                    "name": "string",
                                    "optional": "bool"
                                  }
                                ],
                                "fieldRef": [
                                  "object",
                                  {
                                    "apiVersion": "string",
                                    "fieldPath": "string"
                                  }
                                ],
                                "resourceFieldRef": [
                                  "object",
                                  {
                                    "containerName": "string",
                                    "divisor": "string",
                                    "resource": "string"
                                  }
                                ],
                                "secretKeyRef": [
                                  "object",
                                  {
                                    "key": "string",
                                    "name": "string",
                                    "optional": "bool"
                                  }
                                ]
                              }
                            ]
                          }
                        ]
                      ],
                      "resources": [
                        "object",
                        {
                          "limits": [
                            "map",
                            "string"
                          ],
                          "requests": [
                            "map",
                            "string"
                          ]
                        }
                      ],
                      "sqlPort": "number",
                      "tlsEnabled": "bool",
                      "tolerations": [
                        "list",
                        [
                          "object",
                          {
                            "effect": "string",
                            "key": "string",
                            "operator": "string",
                            "tolerationSeconds": "number",
                            "value": "string"
                          }
                        ]
                      ],
                      "topologySpreadConstraints": [
                        "list",
                        [
                          "object",
                          {
                            "labelSelector": [
                              "object",
                              {
                                "matchExpressions": [
                                  "list",
                                  [
                                    "object",
                                    {
                                      "key": "string",
                                      "operator": "string",
                                      "values": [
                                        "list",
                                        "string"
                                      ]
                                    }
                                  ]
                                ],
                                "matchLabels": [
                                  "map",
                                  "string"
                                ]
                              }
                            ],
                            "maxSkew": "number",
                            "topologyKey": "string",
                            "whenUnsatisfiable": "string"
                          }
                        ]
                      ]
                    }
                  ]
                }
              ]
            },
            "timeouts": [],
            "wait": [],
            "wait_for": null
          },
          "sensitive_attributes": [],
          "dependencies": [
            "helm_release.crdb_operator",
            "helm_release.nginx_ingress"
          ]
        }
      ]
    },
    {
      "mode": "managed",
      "type": "kubernetes_manifest",
      "name": "message-topic",
      "provider": "provider[\"registry.terraform.io/hashicorp/kubernetes\"]",
      "instances": [
        {
          "schema_version": 1,
          "attributes": {
            "computed_fields": null,
            "field_manager": [],
            "manifest": {
              "value": {
                "apiVersion": "cluster.redpanda.com/v1alpha1",
                "kind": "Topic",
                "metadata": {
                  "name": "message",
                  "namespace": "default"
                },
                "spec": {
                  "kafkaApiSpec": {
                    "brokers": [
                      "redpanda-0.redpanda.default.svc.cluster.local:9093",
                      "redpanda-1.redpanda.default.svc.cluster.local:9093",
                      "redpanda-2.redpanda.default.svc.cluster.local:9093"
                    ]
                  },
                  "partitions": 9,
                  "replicationFactor": 1
                }
              },
              "type": [
                "object",
                {
                  "apiVersion": "string",
                  "kind": "string",
                  "metadata": [
                    "object",
                    {
                      "name": "string",
                      "namespace": "string"
                    }
                  ],
                  "spec": [
                    "object",
                    {
                      "kafkaApiSpec": [
                        "object",
                        {
                          "brokers": [
                            "tuple",
                            [
                              "string",
                              "string",
                              "string"
                            ]
                          ]
                        }
                      ],
                      "partitions": "number",
                      "replicationFactor": "number"
                    }
                  ]
                }
              ]
            },
            "object": {
              "value": {
                "apiVersion": "cluster.redpanda.com/v1alpha1",
                "kind": "Topic",
                "metadata": {
                  "annotations": null,
                  "creationTimestamp": null,
                  "deletionGracePeriodSeconds": null,
                  "deletionTimestamp": null,
                  "finalizers": [
                    "operator.redpanda.com/finalizer"
                  ],
                  "generateName": null,
                  "generation": null,
                  "labels": null,
                  "managedFields": null,
                  "name": "message",
                  "namespace": "default",
                  "ownerReferences": null,
                  "resourceVersion": null,
                  "selfLink": null,
                  "uid": null
                },
                "spec": {
                  "additionalConfig": null,
                  "interval": "3s",
                  "kafkaApiSpec": {
                    "brokers": [
                      "redpanda-0.redpanda.default.svc.cluster.local:9093",
                      "redpanda-1.redpanda.default.svc.cluster.local:9093",
                      "redpanda-2.redpanda.default.svc.cluster.local:9093"
                    ],
                    "sasl": {
                      "awsMskIam": {
                        "accessKey": null,
                        "secretKeySecretRef": {
                          "key": null,
                          "name": null
                        },
                        "sessionTokenSecretRef": {
                          "key": null,
                          "name": null
                        },
                        "userAgent": null
                      },
                      "gssapi": {
                        "authType": null,
                        "enableFast": null,
                        "kerberosConfigPath": null,
                        "keyTabPath": null,
                        "passwordSecretRef": {
                          "key": null,
                          "name": null
                        },
                        "realm": null,
                        "serviceName": null,
                        "username": null
                      },
                      "mechanism": null,
                      "oauth": {
                        "tokenSecretRef": {
                          "key": null,
                          "name": null
                        }
                      },
                      "passwordSecretRef": {
                        "key": null,
                        "name": null
                      },
                      "username": null
                    },
                    "tls": {
                      "caCertSecretRef": {
                        "key": null,
                        "name": null
                      },
                      "certSecretRef": {
                        "key": null,
                        "name": null
                      },
                      "insecureSkipTlsVerify": null,
                      "keySecretRef": {
                        "key": null,
                        "name": null
                      }
                    }
                  },
                  "metricsNamespace": null,
                  "overwriteTopicName": null,
                  "partitions": 9,
                  "replicationFactor": 1
                }
              },
              "type": [
                "object",
                {
                  "apiVersion": "string",
                  "kind": "string",
                  "metadata": [
                    "object",
                    {
                      "annotations": [
                        "map",
                        "string"
                      ],
                      "creationTimestamp": "string",
                      "deletionGracePeriodSeconds": "number",
                      "deletionTimestamp": "string",
                      "finalizers": [
                        "list",
                        "string"
                      ],
                      "generateName": "string",
                      "generation": "number",
                      "labels": [
                        "map",
                        "string"
                      ],
                      "managedFields": [
                        "tuple",
                        [
                          [
                            "object",
                            {
                              "apiVersion": "string",
                              "fieldsType": "string",
                              "fieldsV1": "dynamic",
                              "manager": "string",
                              "operation": "string",
                              "subresource": "string",
                              "time": "string"
                            }
                          ]
                        ]
                      ],
                      "name": "string",
                      "namespace": "string",
                      "ownerReferences": [
                        "list",
                        [
                          "object",
                          {
                            "apiVersion": "string",
                            "blockOwnerDeletion": "bool",
                            "controller": "bool",
                            "kind": "string",
                            "name": "string",
                            "uid": "string"
                          }
                        ]
                      ],
                      "resourceVersion": "string",
                      "selfLink": "string",
                      "uid": "string"
                    }
                  ],
                  "spec": [
                    "object",
                    {
                      "additionalConfig": [
                        "map",
                        "string"
                      ],
                      "interval": "string",
                      "kafkaApiSpec": [
                        "object",
                        {
                          "brokers": [
                            "list",
                            "string"
                          ],
                          "sasl": [
                            "object",
                            {
                              "awsMskIam": [
                                "object",
                                {
                                  "accessKey": "string",
                                  "secretKeySecretRef": [
                                    "object",
                                    {
                                      "key": "string",
                                      "name": "string"
                                    }
                                  ],
                                  "sessionTokenSecretRef": [
                                    "object",
                                    {
                                      "key": "string",
                                      "name": "string"
                                    }
                                  ],
                                  "userAgent": "string"
                                }
                              ],
                              "gssapi": [
                                "object",
                                {
                                  "authType": "string",
                                  "enableFast": "bool",
                                  "kerberosConfigPath": "string",
                                  "keyTabPath": "string",
                                  "passwordSecretRef": [
                                    "object",
                                    {
                                      "key": "string",
                                      "name": "string"
                                    }
                                  ],
                                  "realm": "string",
                                  "serviceName": "string",
                                  "username": "string"
                                }
                              ],
                              "mechanism": "string",
                              "oauth": [
                                "object",
                                {
                                  "tokenSecretRef": [
                                    "object",
                                    {
                                      "key": "string",
                                      "name": "string"
                                    }
                                  ]
                                }
                              ],
                              "passwordSecretRef": [
                                "object",
                                {
                                  "key": "string",
                                  "name": "string"
                                }
                              ],
                              "username": "string"
                            }
                          ],
                          "tls": [
                            "object",
                            {
                              "caCertSecretRef": [
                                "object",
                                {
                                  "key": "string",
                                  "name": "string"
                                }
                              ],
                              "certSecretRef": [
                                "object",
                                {
                                  "key": "string",
                                  "name": "string"
                                }
                              ],
                              "insecureSkipTlsVerify": "bool",
                              "keySecretRef": [
                                "object",
                                {
                                  "key": "string",
                                  "name": "string"
                                }
                              ]
                            }
                          ]
                        }
                      ],
                      "metricsNamespace": "string",
                      "overwriteTopicName": "string",
                      "partitions": "number",
                      "replicationFactor": "number"
                    }
                  ]
                }
              ]
            },
            "timeouts": [],
            "wait": [],
            "wait_for": null
          },
          "sensitive_attributes": [],
          "dependencies": [
            "helm_release.redpanda-controller"
          ]
        }
      ]
    },
    {
      "mode": "managed",
      "type": "kubernetes_manifest",
      "name": "redpanda-resource",
      "provider": "provider[\"registry.terraform.io/hashicorp/kubernetes\"]",
      "instances": [
        {
          "schema_version": 1,
          "attributes": {
            "computed_fields": null,
            "field_manager": [],
            "manifest": {
              "value": {
                "apiVersion": "cluster.redpanda.com/v1alpha1",
                "kind": "Redpanda",
                "metadata": {
                  "name": "redpanda",
                  "namespace": "default"
                },
                "spec": {
                  "chartRef": {},
                  "clusterSpec": {
                    "force": true,
                    "statefulset": {
                      "initContainers": {
                        "setDataDirOwnership": {
                          "enabled": true
                        }
                      },
                      "replicas": 3
                    },
                    "tls": {
                      "enabled": true
                    }
                  }
                }
              },
              "type": [
                "object",
                {
                  "apiVersion": "string",
                  "kind": "string",
                  "metadata": [
                    "object",
                    {
                      "name": "string",
                      "namespace": "string"
                    }
                  ],
                  "spec": [
                    "object",
                    {
                      "chartRef": [
                        "object",
                        {}
                      ],
                      "clusterSpec": [
                        "object",
                        {
                          "force": "bool",
                          "statefulset": [
                            "object",
                            {
                              "initContainers": [
                                "object",
                                {
                                  "setDataDirOwnership": [
                                    "object",
                                    {
                                      "enabled": "bool"
                                    }
                                  ]
                                }
                              ],
                              "replicas": "number"
                            }
                          ],
                          "tls": [
                            "object",
                            {
                              "enabled": "bool"
                            }
                          ]
                        }
                      ]
                    }
                  ]
                }
              ]
            },
            "object": {
              "value": {
                "apiVersion": "cluster.redpanda.com/v1alpha1",
                "kind": "Redpanda",
                "metadata": {
                  "annotations": null,
                  "creationTimestamp": null,
                  "deletionGracePeriodSeconds": null,
                  "deletionTimestamp": null,
                  "finalizers": [
                    "operator.redpanda.com/finalizer"
                  ],
                  "generateName": null,
                  "generation": null,
                  "labels": null,
                  "managedFields": null,
                  "name": "redpanda",
                  "namespace": "default",
                  "ownerReferences": null,
                  "resourceVersion": null,
                  "selfLink": null,
                  "uid": null
                },
                "spec": {
                  "chartRef": {
                    "chartName": null,
                    "chartVersion": null,
                    "helmRepositoryName": null,
                    "timeout": null,
                    "upgrade": {
                      "cleanupOnFail": null,
                      "force": null,
                      "preserveValues": null,
                      "remediation": {
                        "ignoreTestFailures": null,
                        "remediateLastFailure": null,
                        "retries": null,
                        "strategy": null
                      }
                    }
                  },
                  "clusterSpec": {
                    "auditLogging": {
                      "clientMaxBufferSize": null,
                      "enabled": null,
                      "enabledEventTypes": null,
                      "excludedPrincipals": null,
                      "excludedTopics": null,
                      "listener": null,
                      "partitions": null,
                      "queueDrainIntervalMs": null,
                      "queueMaxBufferSizePerShard": null
                    },
                    "auth": {
                      "sasl": {
                        "enabled": null,
                        "mechanism": null,
                        "secretRef": null,
                        "users": null
                      }
                    },
                    "clusterDomain": null,
                    "commonLabels": null,
                    "config": {
                      "cluster": null,
                      "node": null,
                      "pandaproxy_client": null,
                      "rpk": null,
                      "schema_registry_client": null,
                      "tunable": null
                    },
                    "connectors": {
                      "auth": null,
                      "commonLabels": null,
                      "connectors": null,
                      "container": null,
                      "deployment": null,
                      "enabled": null,
                      "fullnameOverride": null,
                      "image": {
                        "pullPolicy": null,
                        "repository": null,
                        "tag": null
                      },
                      "imagePullSecrets": null,
                      "logging": null,
                      "monitoring": {
                        "annotations": null,
                        "enabled": null,
                        "labels": null,
                        "namespaceSelector": null,
                        "scrapeInterval": null
                      },
                      "nameOverride": null,
                      "storage": null,
                      "test": {
                        "enabled": null
                      },
                      "tolerations": null
                    },
                    "console": {
                      "affinity": null,
                      "annotations": null,
                      "autoscaling": null,
                      "configMap": {
                        "create": null
                      },
                      "console": null,
                      "deployment": {
                        "create": null
                      },
                      "enabled": null,
                      "extraContainers": null,
                      "extraEnv": null,
                      "extraEnvFrom": null,
                      "extraVolumeMounts": null,
                      "extraVolumes": null,
                      "fullnameOverride": null,
                      "image": null,
                      "imagePullSecrets": null,
                      "ingress": null,
                      "initContainers": null,
                      "nameOverride": null,
                      "nodeSelector": null,
                      "podAnnotations": null,
                      "podLabels": null,
                      "podSecurityContext": null,
                      "priorityClassName": null,
                      "replicaCount": null,
                      "resources": null,
                      "secret": {
                        "create": null
                      },
                      "secretMounts": null,
                      "securityContext": null,
                      "service": null,
                      "serviceAccount": null,
                      "tolerations": null,
                      "topologySpreadConstraints": null
                    },
                    "enterprise": {
                      "license": null,
                      "licenseSecretRef": {
                        "key": null,
                        "name": null
                      }
                    },
                    "external": {
                      "addresses": null,
                      "annotations": null,
                      "domain": null,
                      "enabled": null,
                      "externalDns": {
                        "enabled": null
                      },
                      "prefixTemplate": null,
                      "service": {
                        "enabled": null
                      },
                      "sourceRanges": null,
                      "type": null
                    },
                    "force": true,
                    "fullNameOverride": null,
                    "image": {
                      "pullPolicy": null,
                      "repository": null,
                      "tag": null
                    },
                    "imagePullSecrets": null,
                    "license_key": null,
                    "license_secret_ref": {
                      "secret_key": null,
                      "secret_name": null
                    },
                    "listeners": {
                      "admin": {
                        "external": null,
                        "port": null,
                        "tls": {
                          "cert": null,
                          "enabled": null,
                          "requireClientAuth": null,
                          "secretRef": null
                        }
                      },
                      "http": {
                        "authenticationMethod": null,
                        "enabled": null,
                        "external": null,
                        "kafkaEndpoint": null,
                        "port": null,
                        "prefixTemplate": null,
                        "tls": {
                          "cert": null,
                          "enabled": null,
                          "requireClientAuth": null,
                          "secretRef": null
                        }
                      },
                      "kafka": {
                        "authenticationMethod": null,
                        "external": null,
                        "port": null,
                        "prefixTemplate": null,
                        "tls": {
                          "cert": null,
                          "enabled": null,
                          "requireClientAuth": null,
                          "secretRef": null
                        }
                      },
                      "rpc": {
                        "port": null,
                        "tls": {
                          "cert": null,
                          "enabled": null,
                          "requireClientAuth": null,
                          "secretRef": null
                        }
                      },
                      "schemaRegistry": {
                        "authenticationMethod": null,
                        "enabled": null,
                        "external": null,
                        "kafkaEndpoint": null,
                        "port": null,
                        "tls": {
                          "cert": null,
                          "enabled": null,
                          "requireClientAuth": null,
                          "secretRef": null
                        }
                      }
                    },
                    "logging": {
                      "logLevel": null,
                      "usageStats": {
                        "clusterId": null,
                        "enabled": null,
                        "organization": null
                      }
                    },
                    "monitoring": {
                      "enabled": null,
                      "labels": null,
                      "scrapeInterval": null,
                      "tlsConfig": null
                    },
                    "nameOverride": null,
                    "nodeSelector": null,
                    "post_install_job": {
                      "annotations": null,
                      "enabled": null,
                      "labels": null,
                      "resources": {
                        "claims": null,
                        "limits": null,
                        "requests": null
                      }
                    },
                    "post_upgrade_job": {
                      "annotations": null,
                      "enabled": null,
                      "extraEnv": null,
                      "extraEnvFrom": null,
                      "labels": null,
                      "resources": {
                        "claims": null,
                        "limits": null,
                        "requests": null
                      }
                    },
                    "rackAwareness": {
                      "enabled": null,
                      "nodeAnnotation": null
                    },
                    "rbac": {
                      "annotations": null,
                      "enabled": null
                    },
                    "resources": {
                      "cpu": {
                        "cores": null,
                        "overprovisioned": null
                      },
                      "memory": {
                        "container": {
                          "max": null,
                          "min": null
                        },
                        "enable_memory_locking": null,
                        "redpanda": {
                          "memory": null,
                          "reserveMemory": null
                        }
                      }
                    },
                    "service": {
                      "internal": {
                        "annotations": null
                      },
                      "name": null
                    },
                    "serviceAccount": {
                      "annotations": null,
                      "create": null,
                      "name": null
                    },
                    "statefulset": {
                      "additionalRedpandaCmdFlags": null,
                      "annotations": null,
                      "budget": {
                        "maxUnavailable": null
                      },
                      "extraVolumeMounts": null,
                      "extraVolumes": null,
                      "initContainerImage": {
                        "repository": null,
                        "tag": null
                      },
                      "initContainers": {
                        "configurator": {
                          "extraVolumeMounts": null,
                          "resources": {
                            "claims": null,
                            "limits": null,
                            "requests": null
                          }
                        },
                        "extraInitContainers": null,
                        "fsValidator": {
                          "enabled": null,
                          "expectedFS": null,
                          "extraVolumeMounts": null,
                          "resources": {
                            "claims": null,
                            "limits": null,
                            "requests": null
                          }
                        },
                        "setDataDirOwnership": {
                          "enabled": true,
                          "extraVolumeMounts": null,
                          "resources": {
                            "claims": null,
                            "limits": null,
                            "requests": null
                          }
                        },
                        "setTieredStorageCacheDirOwnership": {
                          "extraVolumeMounts": null,
                          "resources": {
                            "claims": null,
                            "limits": null,
                            "requests": null
                          }
                        },
                        "tuning": {
                          "ballast_file_path": null,
                          "ballast_file_size": null,
                          "extraVolumeMounts": null,
                          "resources": {
                            "claims": null,
                            "limits": null,
                            "requests": null
                          },
                          "tune_aio_events": null,
                          "tune_ballast_file": null,
                          "tune_clocksource": null,
                          "well_known_io": null
                        }
                      },
                      "livenessProbe": {
                        "failureThreshold": null,
                        "initialDelaySeconds": null,
                        "periodSeconds": null
                      },
                      "nodeSelector": null,
                      "podAffinity": {
                        "preferredDuringSchedulingIgnoredDuringExecution": null,
                        "requiredDuringSchedulingIgnoredDuringExecution": null
                      },
                      "podAntiAffinity": {
                        "preferredDuringSchedulingIgnoredDuringExecution": null,
                        "requiredDuringSchedulingIgnoredDuringExecution": null
                      },
                      "priorityClassName": null,
                      "readinessProbe": {
                        "failureThreshold": null,
                        "initialDelaySeconds": null,
                        "periodSeconds": null
                      },
                      "replicas": 3,
                      "securityContext": {
                        "allowPrivilegeEscalation": null,
                        "capabilities": {
                          "add": null,
                          "drop": null
                        },
                        "privileged": null,
                        "procMount": null,
                        "readOnlyRootFilesystem": null,
                        "runAsGroup": null,
                        "runAsNonRoot": null,
                        "runAsUser": null,
                        "seLinuxOptions": {
                          "level": null,
                          "role": null,
                          "type": null,
                          "user": null
                        },
                        "seccompProfile": {
                          "localhostProfile": null,
                          "type": null
                        },
                        "windowsOptions": {
                          "gmsaCredentialSpec": null,
                          "gmsaCredentialSpecName": null,
                          "hostProcess": null,
                          "runAsUserName": null
                        }
                      },
                      "sideCars": {
                        "configWatcher": {
                          "SecurityContext": {
                            "allowPrivilegeEscalation": null,
                            "capabilities": {
                              "add": null,
                              "drop": null
                            },
                            "privileged": null,
                            "procMount": null,
                            "readOnlyRootFilesystem": null,
                            "runAsGroup": null,
                            "runAsNonRoot": null,
                            "runAsUser": null,
                            "seLinuxOptions": {
                              "level": null,
                              "role": null,
                              "type": null,
                              "user": null
                            },
                            "seccompProfile": {
                              "localhostProfile": null,
                              "type": null
                            },
                            "windowsOptions": {
                              "gmsaCredentialSpec": null,
                              "gmsaCredentialSpecName": null,
                              "hostProcess": null,
                              "runAsUserName": null
                            }
                          },
                          "enabled": null,
                          "extraVolumeMounts": null,
                          "resources": {
                            "claims": null,
                            "limits": null,
                            "requests": null
                          }
                        },
                        "controllers": {
                          "SecurityContext": {
                            "allowPrivilegeEscalation": null,
                            "capabilities": {
                              "add": null,
                              "drop": null
                            },
                            "privileged": null,
                            "procMount": null,
                            "readOnlyRootFilesystem": null,
                            "runAsGroup": null,
                            "runAsNonRoot": null,
                            "runAsUser": null,
                            "seLinuxOptions": {
                              "level": null,
                              "role": null,
                              "type": null,
                              "user": null
                            },
                            "seccompProfile": {
                              "localhostProfile": null,
                              "type": null
                            },
                            "windowsOptions": {
                              "gmsaCredentialSpec": null,
                              "gmsaCredentialSpecName": null,
                              "hostProcess": null,
                              "runAsUserName": null
                            }
                          },
                          "createRBAC": null,
                          "enabled": null,
                          "healthProbeAddress": null,
                          "image": {
                            "pullPolicy": null,
                            "repository": null,
                            "tag": null
                          },
                          "metricsAddress": null,
                          "resources": {
                            "claims": null,
                            "limits": null,
                            "requests": null
                          },
                          "run": null
                        },
                        "rpkStatus": {
                          "SecurityContext": {
                            "allowPrivilegeEscalation": null,
                            "capabilities": {
                              "add": null,
                              "drop": null
                            },
                            "privileged": null,
                            "procMount": null,
                            "readOnlyRootFilesystem": null,
                            "runAsGroup": null,
                            "runAsNonRoot": null,
                            "runAsUser": null,
                            "seLinuxOptions": {
                              "level": null,
                              "role": null,
                              "type": null,
                              "user": null
                            },
                            "seccompProfile": {
                              "localhostProfile": null,
                              "type": null
                            },
                            "windowsOptions": {
                              "gmsaCredentialSpec": null,
                              "gmsaCredentialSpecName": null,
                              "hostProcess": null,
                              "runAsUserName": null
                            }
                          },
                          "enabled": null,
                          "resources": {
                            "claims": null,
                            "limits": null,
                            "requests": null
                          }
                        }
                      },
                      "skipChown": null,
                      "startupProbe": {
                        "failureThreshold": null,
                        "initialDelaySeconds": null,
                        "periodSeconds": null
                      },
                      "terminationGracePeriodSeconds": null,
                      "tolerations": null,
                      "topologySpreadConstraints": {
                        "maxSkew": null,
                        "topologyKey": null,
                        "whenUnsatisfiable": null
                      },
                      "updateStrategy": {
                        "type": null
                      }
                    },
                    "storage": {
                      "hostPath": null,
                      "persistentVolume": {
                        "annotations": null,
                        "enabled": null,
                        "labels": null,
                        "size": null,
                        "storageClass": null
                      },
                      "tiered": {
                        "config": {
                          "cloud_storage_api_endpoint": null,
                          "cloud_storage_api_endpoint_port": null,
                          "cloud_storage_bucket": null,
                          "cloud_storage_cache_check_interval": null,
                          "cloud_storage_cache_directory": null,
                          "cloud_storage_cache_size": null,
                          "cloud_storage_credentials_source": null,
                          "cloud_storage_disable_tls": null,
                          "cloud_storage_enable_remote_read": null,
                          "cloud_storage_enable_remote_write": null,
                          "cloud_storage_enabled": null,
                          "cloud_storage_initial_backoff_ms": null,
                          "cloud_storage_manifest_upload_timeout_ms": null,
                          "cloud_storage_max_connection_idle_time_ms": null,
                          "cloud_storage_max_connections": null,
                          "cloud_storage_reconciliation_interval_ms": null,
                          "cloud_storage_region": null,
                          "cloud_storage_segment_max_upload_interval_sec": null,
                          "cloud_storage_segment_upload_timeout_ms": null,
                          "cloud_storage_trust_file": null,
                          "cloud_storage_upload_ctrl_d_coeff": null,
                          "cloud_storage_upload_ctrl_max_shares": null,
                          "cloud_storage_upload_ctrl_min_shares": null,
                          "cloud_storage_upload_ctrl_p_coeff": null,
                          "cloud_storage_upload_ctrl_update_interval_ms": null
                        },
                        "hostPath": null,
                        "mountType": null,
                        "persistentVolume": {
                          "annotations": null,
                          "labels": null,
                          "storageClass": null
                        }
                      }
                    },
                    "tls": {
                      "certs": null,
                      "enabled": true
                    },
                    "tolerations": null,
                    "tuning": {
                      "ballast_file_path": null,
                      "ballast_file_size": null,
                      "extraVolumeMounts": null,
                      "resources": {
                        "claims": null,
                        "limits": null,
                        "requests": null
                      },
                      "tune_aio_events": null,
                      "tune_ballast_file": null,
                      "tune_clocksource": null,
                      "well_known_io": null
                    }
                  },
                  "migration": {
                    "clusterRef": {
                      "name": null,
                      "namespace": null
                    },
                    "consoleRef": {
                      "name": null,
                      "namespace": null
                    },
                    "enabled": null
                  }
                }
              },
              "type": [
                "object",
                {
                  "apiVersion": "string",
                  "kind": "string",
                  "metadata": [
                    "object",
                    {
                      "annotations": [
                        "map",
                        "string"
                      ],
                      "creationTimestamp": "string",
                      "deletionGracePeriodSeconds": "number",
                      "deletionTimestamp": "string",
                      "finalizers": [
                        "list",
                        "string"
                      ],
                      "generateName": "string",
                      "generation": "number",
                      "labels": [
                        "map",
                        "string"
                      ],
                      "managedFields": [
                        "tuple",
                        [
                          [
                            "object",
                            {
                              "apiVersion": "string",
                              "fieldsType": "string",
                              "fieldsV1": "dynamic",
                              "manager": "string",
                              "operation": "string",
                              "subresource": "string",
                              "time": "string"
                            }
                          ]
                        ]
                      ],
                      "name": "string",
                      "namespace": "string",
                      "ownerReferences": [
                        "list",
                        [
                          "object",
                          {
                            "apiVersion": "string",
                            "blockOwnerDeletion": "bool",
                            "controller": "bool",
                            "kind": "string",
                            "name": "string",
                            "uid": "string"
                          }
                        ]
                      ],
                      "resourceVersion": "string",
                      "selfLink": "string",
                      "uid": "string"
                    }
                  ],
                  "spec": [
                    "object",
                    {
                      "chartRef": [
                        "object",
                        {
                          "chartName": "string",
                          "chartVersion": "string",
                          "helmRepositoryName": "string",
                          "timeout": "string",
                          "upgrade": [
                            "object",
                            {
                              "cleanupOnFail": "bool",
                              "force": "bool",
                              "preserveValues": "bool",
                              "remediation": [
                                "object",
                                {
                                  "ignoreTestFailures": "bool",
                                  "remediateLastFailure": "bool",
                                  "retries": "number",
                                  "strategy": "string"
                                }
                              ]
                            }
                          ]
                        }
                      ],
                      "clusterSpec": [
                        "object",
                        {
                          "auditLogging": [
                            "object",
                            {
                              "clientMaxBufferSize": "number",
                              "enabled": "bool",
                              "enabledEventTypes": [
                                "list",
                                "string"
                              ],
                              "excludedPrincipals": [
                                "list",
                                "string"
                              ],
                              "excludedTopics": [
                                "list",
                                "string"
                              ],
                              "listener": "string",
                              "partitions": "number",
                              "queueDrainIntervalMs": "number",
                              "queueMaxBufferSizePerShard": "number"
                            }
                          ],
                          "auth": [
                            "object",
                            {
                              "sasl": [
                                "object",
                                {
                                  "enabled": "bool",
                                  "mechanism": "string",
                                  "secretRef": "string",
                                  "users": [
                                    "list",
                                    [
                                      "object",
                                      {
                                        "mechanism": "string",
                                        "name": "string",
                                        "password": "string"
                                      }
                                    ]
                                  ]
                                }
                              ]
                            }
                          ],
                          "clusterDomain": "string",
                          "commonLabels": [
                            "map",
                            "string"
                          ],
                          "config": [
                            "object",
                            {
                              "cluster": "dynamic",
                              "node": "dynamic",
                              "pandaproxy_client": "dynamic",
                              "rpk": "dynamic",
                              "schema_registry_client": "dynamic",
                              "tunable": "dynamic"
                            }
                          ],
                          "connectors": [
                            "object",
                            {
                              "auth": "dynamic",
                              "commonLabels": [
                                "map",
                                "string"
                              ],
                              "connectors": "dynamic",
                              "container": "dynamic",
                              "deployment": "dynamic",
                              "enabled": "bool",
                              "fullnameOverride": "string",
                              "image": [
                                "object",
                                {
                                  "pullPolicy": "string",
                                  "repository": "string",
                                  "tag": "string"
                                }
                              ],
                              "imagePullSecrets": [
                                "list",
                                [
                                  "object",
                                  {
                                    "name": "string"
                                  }
                                ]
                              ],
                              "logging": "dynamic",
                              "monitoring": [
                                "object",
                                {
                                  "annotations": [
                                    "map",
                                    "string"
                                  ],
                                  "enabled": "bool",
                                  "labels": [
                                    "map",
                                    "string"
                                  ],
                                  "namespaceSelector": [
                                    "map",
                                    "string"
                                  ],
                                  "scrapeInterval": "string"
                                }
                              ],
                              "nameOverride": "string",
                              "storage": "dynamic",
                              "test": [
                                "object",
                                {
                                  "enabled": "bool"
                                }
                              ],
                              "tolerations": [
                                "list",
                                [
                                  "object",
                                  {
                                    "effect": "string",
                                    "key": "string",
                                    "operator": "string",
                                    "tolerationSeconds": "number",
                                    "value": "string"
                                  }
                                ]
                              ]
                            }
                          ],
                          "console": [
                            "object",
                            {
                              "affinity": "dynamic",
                              "annotations": "dynamic",
                              "autoscaling": "dynamic",
                              "configMap": [
                                "object",
                                {
                                  "create": "bool"
                                }
                              ],
                              "console": "dynamic",
                              "deployment": [
                                "object",
                                {
                                  "create": "bool"
                                }
                              ],
                              "enabled": "bool",
                              "extraContainers": [
                                "tuple",
                                [
                                  "dynamic"
                                ]
                              ],
                              "extraEnv": [
                                "tuple",
                                [
                                  "dynamic"
                                ]
                              ],
                              "extraEnvFrom": [
                                "tuple",
                                [
                                  "dynamic"
                                ]
                              ],
                              "extraVolumeMounts": [
                                "tuple",
                                [
                                  "dynamic"
                                ]
                              ],
                              "extraVolumes": [
                                "tuple",
                                [
                                  "dynamic"
                                ]
                              ],
                              "fullnameOverride": "string",
                              "image": "dynamic",
                              "imagePullSecrets": [
                                "tuple",
                                [
                                  "dynamic"
                                ]
                              ],
                              "ingress": "dynamic",
                              "initContainers": "dynamic",
                              "nameOverride": "string",
                              "nodeSelector": "dynamic",
                              "podAnnotations": "dynamic",
                              "podLabels": "dynamic",
                              "podSecurityContext": "dynamic",
                              "priorityClassName": "string",
                              "replicaCount": "number",
                              "resources": "dynamic",
                              "secret": [
                                "object",
                                {
                                  "create": "bool"
                                }
                              ],
                              "secretMounts": [
                                "tuple",
                                [
                                  "dynamic"
                                ]
                              ],
                              "securityContext": "dynamic",
                              "service": "dynamic",
                              "serviceAccount": "dynamic",
                              "tolerations": [
                                "tuple",
                                [
                                  "dynamic"
                                ]
                              ],
                              "topologySpreadConstraints": "dynamic"
                            }
                          ],
                          "enterprise": [
                            "object",
                            {
                              "license": "string",
                              "licenseSecretRef": [
                                "object",
                                {
                                  "key": "string",
                                  "name": "string"
                                }
                              ]
                            }
                          ],
                          "external": [
                            "object",
                            {
                              "addresses": [
                                "list",
                                "string"
                              ],
                              "annotations": [
                                "map",
                                "string"
                              ],
                              "domain": "string",
                              "enabled": "bool",
                              "externalDns": [
                                "object",
                                {
                                  "enabled": "bool"
                                }
                              ],
                              "prefixTemplate": "string",
                              "service": [
                                "object",
                                {
                                  "enabled": "bool"
                                }
                              ],
                              "sourceRanges": [
                                "list",
                                "string"
                              ],
                              "type": "string"
                            }
                          ],
                          "force": "bool",
                          "fullNameOverride": "string",
                          "image": [
                            "object",
                            {
                              "pullPolicy": "string",
                              "repository": "string",
                              "tag": "string"
                            }
                          ],
                          "imagePullSecrets": [
                            "list",
                            [
                              "object",
                              {
                                "name": "string"
                              }
                            ]
                          ],
                          "license_key": "string",
                          "license_secret_ref": [
                            "object",
                            {
                              "secret_key": "string",
                              "secret_name": "string"
                            }
                          ],
                          "listeners": [
                            "object",
                            {
                              "admin": [
                                "object",
                                {
                                  "external": [
                                    "map",
                                    [
                                      "object",
                                      {
                                        "advertisedPorts": [
                                          "list",
                                          "number"
                                        ],
                                        "authenticationMethod": "string",
                                        "enabled": "bool",
                                        "port": "number",
                                        "tls": [
                                          "object",
                                          {
                                            "cert": "string",
                                            "enabled": "bool",
                                            "requireClientAuth": "bool",
                                            "secretRef": "string"
                                          }
                                        ]
                                      }
                                    ]
                                  ],
                                  "port": "number",
                                  "tls": [
                                    "object",
                                    {
                                      "cert": "string",
                                      "enabled": "bool",
                                      "requireClientAuth": "bool",
                                      "secretRef": "string"
                                    }
                                  ]
                                }
                              ],
                              "http": [
                                "object",
                                {
                                  "authenticationMethod": "string",
                                  "enabled": "bool",
                                  "external": [
                                    "map",
                                    [
                                      "object",
                                      {
                                        "advertisedPorts": [
                                          "list",
                                          "number"
                                        ],
                                        "authenticationMethod": "string",
                                        "enabled": "bool",
                                        "port": "number",
                                        "tls": [
                                          "object",
                                          {
                                            "cert": "string",
                                            "enabled": "bool",
                                            "requireClientAuth": "bool",
                                            "secretRef": "string"
                                          }
                                        ]
                                      }
                                    ]
                                  ],
                                  "kafkaEndpoint": "string",
                                  "port": "number",
                                  "prefixTemplate": "string",
                                  "tls": [
                                    "object",
                                    {
                                      "cert": "string",
                                      "enabled": "bool",
                                      "requireClientAuth": "bool",
                                      "secretRef": "string"
                                    }
                                  ]
                                }
                              ],
                              "kafka": [
                                "object",
                                {
                                  "authenticationMethod": "string",
                                  "external": [
                                    "map",
                                    [
                                      "object",
                                      {
                                        "advertisedPorts": [
                                          "list",
                                          "number"
                                        ],
                                        "authenticationMethod": "string",
                                        "enabled": "bool",
                                        "port": "number",
                                        "tls": [
                                          "object",
                                          {
                                            "cert": "string",
                                            "enabled": "bool",
                                            "requireClientAuth": "bool",
                                            "secretRef": "string"
                                          }
                                        ]
                                      }
                                    ]
                                  ],
                                  "port": "number",
                                  "prefixTemplate": "string",
                                  "tls": [
                                    "object",
                                    {
                                      "cert": "string",
                                      "enabled": "bool",
                                      "requireClientAuth": "bool",
                                      "secretRef": "string"
                                    }
                                  ]
                                }
                              ],
                              "rpc": [
                                "object",
                                {
                                  "port": "number",
                                  "tls": [
                                    "object",
                                    {
                                      "cert": "string",
                                      "enabled": "bool",
                                      "requireClientAuth": "bool",
                                      "secretRef": "string"
                                    }
                                  ]
                                }
                              ],
                              "schemaRegistry": [
                                "object",
                                {
                                  "authenticationMethod": "string",
                                  "enabled": "bool",
                                  "external": [
                                    "map",
                                    [
                                      "object",
                                      {
                                        "advertisedPorts": [
                                          "list",
                                          "number"
                                        ],
                                        "authenticationMethod": "string",
                                        "enabled": "bool",
                                        "port": "number",
                                        "tls": [
                                          "object",
                                          {
                                            "cert": "string",
                                            "enabled": "bool",
                                            "requireClientAuth": "bool",
                                            "secretRef": "string"
                                          }
                                        ]
                                      }
                                    ]
                                  ],
                                  "kafkaEndpoint": "string",
                                  "port": "number",
                                  "tls": [
                                    "object",
                                    {
                                      "cert": "string",
                                      "enabled": "bool",
                                      "requireClientAuth": "bool",
                                      "secretRef": "string"
                                    }
                                  ]
                                }
                              ]
                            }
                          ],
                          "logging": [
                            "object",
                            {
                              "logLevel": "string",
                              "usageStats": [
                                "object",
                                {
                                  "clusterId": "string",
                                  "enabled": "bool",
                                  "organization": "string"
                                }
                              ]
                            }
                          ],
                          "monitoring": [
                            "object",
                            {
                              "enabled": "bool",
                              "labels": [
                                "map",
                                "string"
                              ],
                              "scrapeInterval": "string",
                              "tlsConfig": "dynamic"
                            }
                          ],
                          "nameOverride": "string",
                          "nodeSelector": [
                            "map",
                            "string"
                          ],
                          "post_install_job": [
                            "object",
                            {
                              "annotations": [
                                "map",
                                "string"
                              ],
                              "enabled": "bool",
                              "labels": [
                                "map",
                                "string"
                              ],
                              "resources": [
                                "object",
                                {
                                  "claims": [
                                    "list",
                                    [
                                      "object",
                                      {
                                        "name": "string"
                                      }
                                    ]
                                  ],
                                  "limits": [
                                    "map",
                                    "string"
                                  ],
                                  "requests": [
                                    "map",
                                    "string"
                                  ]
                                }
                              ]
                            }
                          ],
                          "post_upgrade_job": [
                            "object",
                            {
                              "annotations": [
                                "map",
                                "string"
                              ],
                              "enabled": "bool",
                              "extraEnv": [
                                "list",
                                [
                                  "object",
                                  {
                                    "name": "string",
                                    "value": "string",
                                    "valueFrom": [
                                      "object",
                                      {
                                        "configMapKeyRef": [
                                          "object",
                                          {
                                            "key": "string",
                                            "name": "string",
                                            "optional": "bool"
                                          }
                                        ],
                                        "fieldRef": [
                                          "object",
                                          {
                                            "apiVersion": "string",
                                            "fieldPath": "string"
                                          }
                                        ],
                                        "resourceFieldRef": [
                                          "object",
                                          {
                                            "containerName": "string",
                                            "divisor": "string",
                                            "resource": "string"
                                          }
                                        ],
                                        "secretKeyRef": [
                                          "object",
                                          {
                                            "key": "string",
                                            "name": "string",
                                            "optional": "bool"
                                          }
                                        ]
                                      }
                                    ]
                                  }
                                ]
                              ],
                              "extraEnvFrom": [
                                "list",
                                [
                                  "object",
                                  {
                                    "configMapRef": [
                                      "object",
                                      {
                                        "name": "string",
                                        "optional": "bool"
                                      }
                                    ],
                                    "prefix": "string",
                                    "secretRef": [
                                      "object",
                                      {
                                        "name": "string",
                                        "optional": "bool"
                                      }
                                    ]
                                  }
                                ]
                              ],
                              "labels": [
                                "map",
                                "string"
                              ],
                              "resources": [
                                "object",
                                {
                                  "claims": [
                                    "list",
                                    [
                                      "object",
                                      {
                                        "name": "string"
                                      }
                                    ]
                                  ],
                                  "limits": [
                                    "map",
                                    "string"
                                  ],
                                  "requests": [
                                    "map",
                                    "string"
                                  ]
                                }
                              ]
                            }
                          ],
                          "rackAwareness": [
                            "object",
                            {
                              "enabled": "bool",
                              "nodeAnnotation": "string"
                            }
                          ],
                          "rbac": [
                            "object",
                            {
                              "annotations": [
                                "map",
                                "string"
                              ],
                              "enabled": "bool"
                            }
                          ],
                          "resources": [
                            "object",
                            {
                              "cpu": [
                                "object",
                                {
                                  "cores": "string",
                                  "overprovisioned": "bool"
                                }
                              ],
                              "memory": [
                                "object",
                                {
                                  "container": [
                                    "object",
                                    {
                                      "max": "string",
                                      "min": "string"
                                    }
                                  ],
                                  "enable_memory_locking": "bool",
                                  "redpanda": [
                                    "object",
                                    {
                                      "memory": "string",
                                      "reserveMemory": "string"
                                    }
                                  ]
                                }
                              ]
                            }
                          ],
                          "service": [
                            "object",
                            {
                              "internal": [
                                "object",
                                {
                                  "annotations": [
                                    "map",
                                    "string"
                                  ]
                                }
                              ],
                              "name": "string"
                            }
                          ],
                          "serviceAccount": [
                            "object",
                            {
                              "annotations": [
                                "map",
                                "string"
                              ],
                              "create": "bool",
                              "name": "string"
                            }
                          ],
                          "statefulset": [
                            "object",
                            {
                              "additionalRedpandaCmdFlags": [
                                "list",
                                "string"
                              ],
                              "annotations": [
                                "map",
                                "string"
                              ],
                              "budget": [
                                "object",
                                {
                                  "maxUnavailable": "number"
                                }
                              ],
                              "extraVolumeMounts": "string",
                              "extraVolumes": "string",
                              "initContainerImage": [
                                "object",
                                {
                                  "repository": "string",
                                  "tag": "string"
                                }
                              ],
                              "initContainers": [
                                "object",
                                {
                                  "configurator": [
                                    "object",
                                    {
                                      "extraVolumeMounts": "string",
                                      "resources": [
                                        "object",
                                        {
                                          "claims": [
                                            "list",
                                            [
                                              "object",
                                              {
                                                "name": "string"
                                              }
                                            ]
                                          ],
                                          "limits": [
                                            "map",
                                            "string"
                                          ],
                                          "requests": [
                                            "map",
                                            "string"
                                          ]
                                        }
                                      ]
                                    }
                                  ],
                                  "extraInitContainers": "string",
                                  "fsValidator": [
                                    "object",
                                    {
                                      "enabled": "bool",
                                      "expectedFS": "string",
                                      "extraVolumeMounts": "string",
                                      "resources": [
                                        "object",
                                        {
                                          "claims": [
                                            "list",
                                            [
                                              "object",
                                              {
                                                "name": "string"
                                              }
                                            ]
                                          ],
                                          "limits": [
                                            "map",
                                            "string"
                                          ],
                                          "requests": [
                                            "map",
                                            "string"
                                          ]
                                        }
                                      ]
                                    }
                                  ],
                                  "setDataDirOwnership": [
                                    "object",
                                    {
                                      "enabled": "bool",
                                      "extraVolumeMounts": "string",
                                      "resources": [
                                        "object",
                                        {
                                          "claims": [
                                            "list",
                                            [
                                              "object",
                                              {
                                                "name": "string"
                                              }
                                            ]
                                          ],
                                          "limits": [
                                            "map",
                                            "string"
                                          ],
                                          "requests": [
                                            "map",
                                            "string"
                                          ]
                                        }
                                      ]
                                    }
                                  ],
                                  "setTieredStorageCacheDirOwnership": [
                                    "object",
                                    {
                                      "extraVolumeMounts": "string",
                                      "resources": [
                                        "object",
                                        {
                                          "claims": [
                                            "list",
                                            [
                                              "object",
                                              {
                                                "name": "string"
                                              }
                                            ]
                                          ],
                                          "limits": [
                                            "map",
                                            "string"
                                          ],
                                          "requests": [
                                            "map",
                                            "string"
                                          ]
                                        }
                                      ]
                                    }
                                  ],
                                  "tuning": [
                                    "object",
                                    {
                                      "ballast_file_path": "string",
                                      "ballast_file_size": "string",
                                      "extraVolumeMounts": "string",
                                      "resources": [
                                        "object",
                                        {
                                          "claims": [
                                            "list",
                                            [
                                              "object",
                                              {
                                                "name": "string"
                                              }
                                            ]
                                          ],
                                          "limits": [
                                            "map",
                                            "string"
                                          ],
                                          "requests": [
                                            "map",
                                            "string"
                                          ]
                                        }
                                      ],
                                      "tune_aio_events": "bool",
                                      "tune_ballast_file": "bool",
                                      "tune_clocksource": "bool",
                                      "well_known_io": "string"
                                    }
                                  ]
                                }
                              ],
                              "livenessProbe": [
                                "object",
                                {
                                  "failureThreshold": "number",
                                  "initialDelaySeconds": "number",
                                  "periodSeconds": "number"
                                }
                              ],
                              "nodeSelector": [
                                "map",
                                "string"
                              ],
                              "podAffinity": [
                                "object",
                                {
                                  "preferredDuringSchedulingIgnoredDuringExecution": [
                                    "list",
                                    [
                                      "object",
                                      {
                                        "podAffinityTerm": [
                                          "object",
                                          {
                                            "labelSelector": [
                                              "object",
                                              {
                                                "matchExpressions": [
                                                  "list",
                                                  [
                                                    "object",
                                                    {
                                                      "key": "string",
                                                      "operator": "string",
                                                      "values": [
                                                        "list",
                                                        "string"
                                                      ]
                                                    }
                                                  ]
                                                ],
                                                "matchLabels": [
                                                  "map",
                                                  "string"
                                                ]
                                              }
                                            ],
                                            "matchLabelKeys": [
                                              "list",
                                              "string"
                                            ],
                                            "mismatchLabelKeys": [
                                              "list",
                                              "string"
                                            ],
                                            "namespaceSelector": [
                                              "object",
                                              {
                                                "matchExpressions": [
                                                  "list",
                                                  [
                                                    "object",
                                                    {
                                                      "key": "string",
                                                      "operator": "string",
                                                      "values": [
                                                        "list",
                                                        "string"
                                                      ]
                                                    }
                                                  ]
                                                ],
                                                "matchLabels": [
                                                  "map",
                                                  "string"
                                                ]
                                              }
                                            ],
                                            "namespaces": [
                                              "list",
                                              "string"
                                            ],
                                            "topologyKey": "string"
                                          }
                                        ],
                                        "weight": "number"
                                      }
                                    ]
                                  ],
                                  "requiredDuringSchedulingIgnoredDuringExecution": [
                                    "list",
                                    [
                                      "object",
                                      {
                                        "labelSelector": [
                                          "object",
                                          {
                                            "matchExpressions": [
                                              "list",
                                              [
                                                "object",
                                                {
                                                  "key": "string",
                                                  "operator": "string",
                                                  "values": [
                                                    "list",
                                                    "string"
                                                  ]
                                                }
                                              ]
                                            ],
                                            "matchLabels": [
                                              "map",
                                              "string"
                                            ]
                                          }
                                        ],
                                        "matchLabelKeys": [
                                          "list",
                                          "string"
                                        ],
                                        "mismatchLabelKeys": [
                                          "list",
                                          "string"
                                        ],
                                        "namespaceSelector": [
                                          "object",
                                          {
                                            "matchExpressions": [
                                              "list",
                                              [
                                                "object",
                                                {
                                                  "key": "string",
                                                  "operator": "string",
                                                  "values": [
                                                    "list",
                                                    "string"
                                                  ]
                                                }
                                              ]
                                            ],
                                            "matchLabels": [
                                              "map",
                                              "string"
                                            ]
                                          }
                                        ],
                                        "namespaces": [
                                          "list",
                                          "string"
                                        ],
                                        "topologyKey": "string"
                                      }
                                    ]
                                  ]
                                }
                              ],
                              "podAntiAffinity": [
                                "object",
                                {
                                  "preferredDuringSchedulingIgnoredDuringExecution": [
                                    "list",
                                    [
                                      "object",
                                      {
                                        "podAffinityTerm": [
                                          "object",
                                          {
                                            "labelSelector": [
                                              "object",
                                              {
                                                "matchExpressions": [
                                                  "list",
                                                  [
                                                    "object",
                                                    {
                                                      "key": "string",
                                                      "operator": "string",
                                                      "values": [
                                                        "list",
                                                        "string"
                                                      ]
                                                    }
                                                  ]
                                                ],
                                                "matchLabels": [
                                                  "map",
                                                  "string"
                                                ]
                                              }
                                            ],
                                            "matchLabelKeys": [
                                              "list",
                                              "string"
                                            ],
                                            "mismatchLabelKeys": [
                                              "list",
                                              "string"
                                            ],
                                            "namespaceSelector": [
                                              "object",
                                              {
                                                "matchExpressions": [
                                                  "list",
                                                  [
                                                    "object",
                                                    {
                                                      "key": "string",
                                                      "operator": "string",
                                                      "values": [
                                                        "list",
                                                        "string"
                                                      ]
                                                    }
                                                  ]
                                                ],
                                                "matchLabels": [
                                                  "map",
                                                  "string"
                                                ]
                                              }
                                            ],
                                            "namespaces": [
                                              "list",
                                              "string"
                                            ],
                                            "topologyKey": "string"
                                          }
                                        ],
                                        "weight": "number"
                                      }
                                    ]
                                  ],
                                  "requiredDuringSchedulingIgnoredDuringExecution": [
                                    "list",
                                    [
                                      "object",
                                      {
                                        "labelSelector": [
                                          "object",
                                          {
                                            "matchExpressions": [
                                              "list",
                                              [
                                                "object",
                                                {
                                                  "key": "string",
                                                  "operator": "string",
                                                  "values": [
                                                    "list",
                                                    "string"
                                                  ]
                                                }
                                              ]
                                            ],
                                            "matchLabels": [
                                              "map",
                                              "string"
                                            ]
                                          }
                                        ],
                                        "matchLabelKeys": [
                                          "list",
                                          "string"
                                        ],
                                        "mismatchLabelKeys": [
                                          "list",
                                          "string"
                                        ],
                                        "namespaceSelector": [
                                          "object",
                                          {
                                            "matchExpressions": [
                                              "list",
                                              [
                                                "object",
                                                {
                                                  "key": "string",
                                                  "operator": "string",
                                                  "values": [
                                                    "list",
                                                    "string"
                                                  ]
                                                }
                                              ]
                                            ],
                                            "matchLabels": [
                                              "map",
                                              "string"
                                            ]
                                          }
                                        ],
                                        "namespaces": [
                                          "list",
                                          "string"
                                        ],
                                        "topologyKey": "string"
                                      }
                                    ]
                                  ]
                                }
                              ],
                              "priorityClassName": "string",
                              "readinessProbe": [
                                "object",
                                {
                                  "failureThreshold": "number",
                                  "initialDelaySeconds": "number",
                                  "periodSeconds": "number"
                                }
                              ],
                              "replicas": "number",
                              "securityContext": [
                                "object",
                                {
                                  "allowPrivilegeEscalation": "bool",
                                  "capabilities": [
                                    "object",
                                    {
                                      "add": [
                                        "list",
                                        "string"
                                      ],
                                      "drop": [
                                        "list",
                                        "string"
                                      ]
                                    }
                                  ],
                                  "privileged": "bool",
                                  "procMount": "string",
                                  "readOnlyRootFilesystem": "bool",
                                  "runAsGroup": "number",
                                  "runAsNonRoot": "bool",
                                  "runAsUser": "number",
                                  "seLinuxOptions": [
                                    "object",
                                    {
                                      "level": "string",
                                      "role": "string",
                                      "type": "string",
                                      "user": "string"
                                    }
                                  ],
                                  "seccompProfile": [
                                    "object",
                                    {
                                      "localhostProfile": "string",
                                      "type": "string"
                                    }
                                  ],
                                  "windowsOptions": [
                                    "object",
                                    {
                                      "gmsaCredentialSpec": "string",
                                      "gmsaCredentialSpecName": "string",
                                      "hostProcess": "bool",
                                      "runAsUserName": "string"
                                    }
                                  ]
                                }
                              ],
                              "sideCars": [
                                "object",
                                {
                                  "configWatcher": [
                                    "object",
                                    {
                                      "SecurityContext": [
                                        "object",
                                        {
                                          "allowPrivilegeEscalation": "bool",
                                          "capabilities": [
                                            "object",
                                            {
                                              "add": [
                                                "list",
                                                "string"
                                              ],
                                              "drop": [
                                                "list",
                                                "string"
                                              ]
                                            }
                                          ],
                                          "privileged": "bool",
                                          "procMount": "string",
                                          "readOnlyRootFilesystem": "bool",
                                          "runAsGroup": "number",
                                          "runAsNonRoot": "bool",
                                          "runAsUser": "number",
                                          "seLinuxOptions": [
                                            "object",
                                            {
                                              "level": "string",
                                              "role": "string",
                                              "type": "string",
                                              "user": "string"
                                            }
                                          ],
                                          "seccompProfile": [
                                            "object",
                                            {
                                              "localhostProfile": "string",
                                              "type": "string"
                                            }
                                          ],
                                          "windowsOptions": [
                                            "object",
                                            {
                                              "gmsaCredentialSpec": "string",
                                              "gmsaCredentialSpecName": "string",
                                              "hostProcess": "bool",
                                              "runAsUserName": "string"
                                            }
                                          ]
                                        }
                                      ],
                                      "enabled": "bool",
                                      "extraVolumeMounts": "string",
                                      "resources": [
                                        "object",
                                        {
                                          "claims": [
                                            "list",
                                            [
                                              "object",
                                              {
                                                "name": "string"
                                              }
                                            ]
                                          ],
                                          "limits": [
                                            "map",
                                            "string"
                                          ],
                                          "requests": [
                                            "map",
                                            "string"
                                          ]
                                        }
                                      ]
                                    }
                                  ],
                                  "controllers": [
                                    "object",
                                    {
                                      "SecurityContext": [
                                        "object",
                                        {
                                          "allowPrivilegeEscalation": "bool",
                                          "capabilities": [
                                            "object",
                                            {
                                              "add": [
                                                "list",
                                                "string"
                                              ],
                                              "drop": [
                                                "list",
                                                "string"
                                              ]
                                            }
                                          ],
                                          "privileged": "bool",
                                          "procMount": "string",
                                          "readOnlyRootFilesystem": "bool",
                                          "runAsGroup": "number",
                                          "runAsNonRoot": "bool",
                                          "runAsUser": "number",
                                          "seLinuxOptions": [
                                            "object",
                                            {
                                              "level": "string",
                                              "role": "string",
                                              "type": "string",
                                              "user": "string"
                                            }
                                          ],
                                          "seccompProfile": [
                                            "object",
                                            {
                                              "localhostProfile": "string",
                                              "type": "string"
                                            }
                                          ],
                                          "windowsOptions": [
                                            "object",
                                            {
                                              "gmsaCredentialSpec": "string",
                                              "gmsaCredentialSpecName": "string",
                                              "hostProcess": "bool",
                                              "runAsUserName": "string"
                                            }
                                          ]
                                        }
                                      ],
                                      "createRBAC": "bool",
                                      "enabled": "bool",
                                      "healthProbeAddress": "string",
                                      "image": [
                                        "object",
                                        {
                                          "pullPolicy": "string",
                                          "repository": "string",
                                          "tag": "string"
                                        }
                                      ],
                                      "metricsAddress": "string",
                                      "resources": [
                                        "object",
                                        {
                                          "claims": [
                                            "list",
                                            [
                                              "object",
                                              {
                                                "name": "string"
                                              }
                                            ]
                                          ],
                                          "limits": [
                                            "map",
                                            "string"
                                          ],
                                          "requests": [
                                            "map",
                                            "string"
                                          ]
                                        }
                                      ],
                                      "run": [
                                        "list",
                                        "string"
                                      ]
                                    }
                                  ],
                                  "rpkStatus": [
                                    "object",
                                    {
                                      "SecurityContext": [
                                        "object",
                                        {
                                          "allowPrivilegeEscalation": "bool",
                                          "capabilities": [
                                            "object",
                                            {
                                              "add": [
                                                "list",
                                                "string"
                                              ],
                                              "drop": [
                                                "list",
                                                "string"
                                              ]
                                            }
                                          ],
                                          "privileged": "bool",
                                          "procMount": "string",
                                          "readOnlyRootFilesystem": "bool",
                                          "runAsGroup": "number",
                                          "runAsNonRoot": "bool",
                                          "runAsUser": "number",
                                          "seLinuxOptions": [
                                            "object",
                                            {
                                              "level": "string",
                                              "role": "string",
                                              "type": "string",
                                              "user": "string"
                                            }
                                          ],
                                          "seccompProfile": [
                                            "object",
                                            {
                                              "localhostProfile": "string",
                                              "type": "string"
                                            }
                                          ],
                                          "windowsOptions": [
                                            "object",
                                            {
                                              "gmsaCredentialSpec": "string",
                                              "gmsaCredentialSpecName": "string",
                                              "hostProcess": "bool",
                                              "runAsUserName": "string"
                                            }
                                          ]
                                        }
                                      ],
                                      "enabled": "bool",
                                      "resources": [
                                        "object",
                                        {
                                          "claims": [
                                            "list",
                                            [
                                              "object",
                                              {
                                                "name": "string"
                                              }
                                            ]
                                          ],
                                          "limits": [
                                            "map",
                                            "string"
                                          ],
                                          "requests": [
                                            "map",
                                            "string"
                                          ]
                                        }
                                      ]
                                    }
                                  ]
                                }
                              ],
                              "skipChown": "bool",
                              "startupProbe": [
                                "object",
                                {
                                  "failureThreshold": "number",
                                  "initialDelaySeconds": "number",
                                  "periodSeconds": "number"
                                }
                              ],
                              "terminationGracePeriodSeconds": "number",
                              "tolerations": [
                                "list",
                                [
                                  "object",
                                  {
                                    "effect": "string",
                                    "key": "string",
                                    "operator": "string",
                                    "tolerationSeconds": "number",
                                    "value": "string"
                                  }
                                ]
                              ],
                              "topologySpreadConstraints": [
                                "object",
                                {
                                  "maxSkew": "number",
                                  "topologyKey": "string",
                                  "whenUnsatisfiable": "string"
                                }
                              ],
                              "updateStrategy": [
                                "object",
                                {
                                  "type": "string"
                                }
                              ]
                            }
                          ],
                          "storage": [
                            "object",
                            {
                              "hostPath": "string",
                              "persistentVolume": [
                                "object",
                                {
                                  "annotations": [
                                    "map",
                                    "string"
                                  ],
                                  "enabled": "bool",
                                  "labels": [
                                    "map",
                                    "string"
                                  ],
                                  "size": "string",
                                  "storageClass": "string"
                                }
                              ],
                              "tiered": [
                                "object",
                                {
                                  "config": [
                                    "object",
                                    {
                                      "cloud_storage_api_endpoint": "string",
                                      "cloud_storage_api_endpoint_port": "number",
                                      "cloud_storage_bucket": "string",
                                      "cloud_storage_cache_check_interval": "number",
                                      "cloud_storage_cache_directory": "string",
                                      "cloud_storage_cache_size": "string",
                                      "cloud_storage_credentials_source": "string",
                                      "cloud_storage_disable_tls": "bool",
                                      "cloud_storage_enable_remote_read": "bool",
                                      "cloud_storage_enable_remote_write": "bool",
                                      "cloud_storage_enabled": "string",
                                      "cloud_storage_initial_backoff_ms": "number",
                                      "cloud_storage_manifest_upload_timeout_ms": "number",
                                      "cloud_storage_max_connection_idle_time_ms": "number",
                                      "cloud_storage_max_connections": "number",
                                      "cloud_storage_reconciliation_interval_ms": "number",
                                      "cloud_storage_region": "string",
                                      "cloud_storage_segment_max_upload_interval_sec": "number",
                                      "cloud_storage_segment_upload_timeout_ms": "number",
                                      "cloud_storage_trust_file": "string",
                                      "cloud_storage_upload_ctrl_d_coeff": "number",
                                      "cloud_storage_upload_ctrl_max_shares": "number",
                                      "cloud_storage_upload_ctrl_min_shares": "number",
                                      "cloud_storage_upload_ctrl_p_coeff": "number",
                                      "cloud_storage_upload_ctrl_update_interval_ms": "number"
                                    }
                                  ],
                                  "hostPath": "string",
                                  "mountType": "string",
                                  "persistentVolume": [
                                    "object",
                                    {
                                      "annotations": [
                                        "map",
                                        "string"
                                      ],
                                      "labels": [
                                        "map",
                                        "string"
                                      ],
                                      "storageClass": "string"
                                    }
                                  ]
                                }
                              ]
                            }
                          ],
                          "tls": [
                            "object",
                            {
                              "certs": [
                                "map",
                                [
                                  "object",
                                  {
                                    "caEnabled": "bool",
                                    "duration": "string",
                                    "issuerRef": [
                                      "object",
                                      {
                                        "kind": "string",
                                        "name": "string"
                                      }
                                    ],
                                    "secretRef": [
                                      "object",
                                      {
                                        "name": "string"
                                      }
                                    ]
                                  }
                                ]
                              ],
                              "enabled": "bool"
                            }
                          ],
                          "tolerations": [
                            "list",
                            [
                              "object",
                              {
                                "effect": "string",
                                "key": "string",
                                "operator": "string",
                                "tolerationSeconds": "number",
                                "value": "string"
                              }
                            ]
                          ],
                          "tuning": [
                            "object",
                            {
                              "ballast_file_path": "string",
                              "ballast_file_size": "string",
                              "extraVolumeMounts": "string",
                              "resources": [
                                "object",
                                {
                                  "claims": [
                                    "list",
                                    [
                                      "object",
                                      {
                                        "name": "string"
                                      }
                                    ]
                                  ],
                                  "limits": [
                                    "map",
                                    "string"
                                  ],
                                  "requests": [
                                    "map",
                                    "string"
                                  ]
                                }
                              ],
                              "tune_aio_events": "bool",
                              "tune_ballast_file": "bool",
                              "tune_clocksource": "bool",
                              "well_known_io": "string"
                            }
                          ]
                        }
                      ],
                      "migration": [
                        "object",
                        {
                          "clusterRef": [
                            "object",
                            {
                              "name": "string",
                              "namespace": "string"
                            }
                          ],
                          "consoleRef": [
                            "object",
                            {
                              "name": "string",
                              "namespace": "string"
                            }
                          ],
                          "enabled": "bool"
                        }
                      ]
                    }
                  ]
                }
              ]
            },
            "timeouts": [],
            "wait": [],
            "wait_for": null
          },
          "sensitive_attributes": [],
          "dependencies": [
            "helm_release.redpanda-controller"
          ]
        }
      ]
    },
    {
      "mode": "managed",
      "type": "kubernetes_secret",
      "name": "message-config",
      "provider": "provider[\"registry.terraform.io/hashicorp/kubernetes\"]",
      "instances": [
        {
          "schema_version": 0,
          "attributes": {
            "binary_data": null,
            "data": {
              "kafka.json": "{\"bootstrap\":{\"server\":\"redpanda-0.redpanda.default.svc.cluster.local:9093,redpanda-1.redpanda.default.svc.cluster.local:9093,redpanda-2.redpanda.default.svc.cluster.local:9093\"},\"key\":null,\"secret\":null}"
            },
            "id": "default/message-service-config-kafka",
            "immutable": false,
            "metadata": [
              {
                "annotations": {},
                "generate_name": "",
                "generation": 0,
                "labels": {},
                "name": "message-service-config-kafka",
                "namespace": "default",
                "resource_version": "8197",
                "uid": "1c147142-3c5e-44e7-aa43-8f566337d8c7"
              }
            ],
            "timeouts": null,
            "type": "Opaque",
            "wait_for_service_account_token": true
          },
          "sensitive_attributes": [],
          "private": "eyJlMmJmYjczMC1lY2FhLTExZTYtOGY4OC0zNDM2M2JjN2M0YzAiOnsiY3JlYXRlIjo2MDAwMDAwMDAwMH19"
        }
      ]
    },
    {
      "mode": "managed",
      "type": "kubernetes_service",
      "name": "message-service",
      "provider": "provider[\"registry.terraform.io/hashicorp/kubernetes\"]",
      "instances": [
        {
          "schema_version": 1,
          "attributes": {
            "id": "default/message-service-service",
            "metadata": [
              {
                "annotations": {},
                "generate_name": "",
                "generation": 0,
                "labels": {
                  "app": "message-service",
                  "group": "message-system"
                },
                "name": "message-service-service",
                "namespace": "default",
                "resource_version": "103057",
                "uid": "dd030d07-ec31-4943-8ac5-d207bc3c8145"
              }
            ],
            "spec": [
              {
                "allocate_load_balancer_node_ports": true,
                "cluster_ip": "10.102.229.155",
                "cluster_ips": [
                  "10.102.229.155"
                ],
                "external_ips": [],
                "external_name": "",
                "external_traffic_policy": "Cluster",
                "health_check_node_port": 0,
                "internal_traffic_policy": "Cluster",
                "ip_families": [
                  "IPv4"
                ],
                "ip_family_policy": "SingleStack",
                "load_balancer_class": "",
                "load_balancer_ip": "",
                "load_balancer_source_ranges": [],
                "port": [
                  {
                    "app_protocol": "",
                    "name": "websocket",
                    "node_port": 30701,
                    "port": 4000,
                    "protocol": "TCP",
                    "target_port": "4000"
                  }
                ],
                "publish_not_ready_addresses": false,
                "selector": {
                  "app": "message-service-pod"
                },
                "session_affinity": "None",
                "session_affinity_config": [],
                "type": "LoadBalancer"
              }
            ],
            "status": [
              {
                "load_balancer": [
                  {
                    "ingress": []
                  }
                ]
              }
            ],
            "timeouts": null,
            "wait_for_load_balancer": true
          },
          "sensitive_attributes": [],
          "private": "eyJlMmJmYjczMC1lY2FhLTExZTYtOGY4OC0zNDM2M2JjN2M0YzAiOnsiY3JlYXRlIjo2MDAwMDAwMDAwMDB9LCJzY2hlbWFfdmVyc2lvbiI6IjEifQ=="
        }
      ]
    }
  ],
  "check_results": null
}
